// !$*UTF8*$!
{
	archiveVersion = 1;
	classes = {
	};
	objectVersion = 51;
	objects = {

/* Begin PBXBuildFile section */
		5F0DB867231F03670021B883 /* Kingfisher.framework in Frameworks */ = {isa = PBXBuildFile; fileRef = 5F0DB865231F03340021B883 /* Kingfisher.framework */; };
		5F0DB86E231F03E00021B883 /* RxSwift.framework in Frameworks */ = {isa = PBXBuildFile; fileRef = 5F0DB869231F03E00021B883 /* RxSwift.framework */; };
		5F0DB86F231F03E00021B883 /* ObjcExceptionBridging.framework in Frameworks */ = {isa = PBXBuildFile; fileRef = 5F0DB86A231F03E00021B883 /* ObjcExceptionBridging.framework */; };
		5F0DB870231F03E00021B883 /* RxCocoa.framework in Frameworks */ = {isa = PBXBuildFile; fileRef = 5F0DB86B231F03E00021B883 /* RxCocoa.framework */; };
		5F0DB871231F03E00021B883 /* RxBlocking.framework in Frameworks */ = {isa = PBXBuildFile; fileRef = 5F0DB86C231F03E00021B883 /* RxBlocking.framework */; };
		5F0DB873231F03E50021B883 /* XCGLogger.framework in Frameworks */ = {isa = PBXBuildFile; fileRef = 5F0DB872231F03E50021B883 /* XCGLogger.framework */; };
		5F0DB875231F07410021B883 /* RxGesture.framework in Frameworks */ = {isa = PBXBuildFile; fileRef = 5F0DB874231F07410021B883 /* RxGesture.framework */; };
		5F151441231F9E3600EEE9ED /* LoadingView.swift in Sources */ = {isa = PBXBuildFile; fileRef = 5F151440231F9E3600EEE9ED /* LoadingView.swift */; };
		5F151449231FC4B200EEE9ED /* PhotoDownloadService.swift in Sources */ = {isa = PBXBuildFile; fileRef = 5F151448231FC4B200EEE9ED /* PhotoDownloadService.swift */; };
		5F15144C231FC7AC00EEE9ED /* Loader.swift in Sources */ = {isa = PBXBuildFile; fileRef = 5F15144B231FC7AC00EEE9ED /* Loader.swift */; };
		5F15144E231FE79800EEE9ED /* URL+Endpoints.swift in Sources */ = {isa = PBXBuildFile; fileRef = 5F15144D231FE79800EEE9ED /* URL+Endpoints.swift */; };
		5F15147D23205E3D00EEE9ED /* Crashlytics.framework in Frameworks */ = {isa = PBXBuildFile; fileRef = 5F15147C23205E3D00EEE9ED /* Crashlytics.framework */; };
		5F15149D232125DA00EEE9ED /* EndPointLoader.framework in Frameworks */ = {isa = PBXBuildFile; fileRef = 5F1514982321259E00EEE9ED /* EndPointLoader.framework */; };
		5F15149E232125DA00EEE9ED /* EndPointLoader.framework in Embed Frameworks */ = {isa = PBXBuildFile; fileRef = 5F1514982321259E00EEE9ED /* EndPointLoader.framework */; settings = {ATTRIBUTES = (CodeSignOnCopy, RemoveHeadersOnCopy, ); }; };
		5FC6BFDF22A54B8800F17764 /* AppDelegate.swift in Sources */ = {isa = PBXBuildFile; fileRef = 5FC6BFDE22A54B8800F17764 /* AppDelegate.swift */; };
		5FC6BFF422A54B8800F17764 /* RxMVVMCTests.swift in Sources */ = {isa = PBXBuildFile; fileRef = 5FC6BFF322A54B8800F17764 /* RxMVVMCTests.swift */; };
		5FC6C02922A54D5B00F17764 /* LayoutConstants.swift in Sources */ = {isa = PBXBuildFile; fileRef = 5FC6C00222A54D5A00F17764 /* LayoutConstants.swift */; };
		5FC6C02A22A54D5B00F17764 /* ViewCreator.swift in Sources */ = {isa = PBXBuildFile; fileRef = 5FC6C00322A54D5A00F17764 /* ViewCreator.swift */; };
		5FC6C02B22A54D5B00F17764 /* ResuableView.swift in Sources */ = {isa = PBXBuildFile; fileRef = 5FC6C00522A54D5A00F17764 /* ResuableView.swift */; };
		5FC6C02C22A54D5B00F17764 /* Coordinatable.swift in Sources */ = {isa = PBXBuildFile; fileRef = 5FC6C00622A54D5A00F17764 /* Coordinatable.swift */; };
		5FC6C02D22A54D5B00F17764 /* Assets.xcassets in Resources */ = {isa = PBXBuildFile; fileRef = 5FC6C00822A54D5A00F17764 /* Assets.xcassets */; };
		5FC6C02F22A54D5B00F17764 /* PhotoGridViewModel.swift in Sources */ = {isa = PBXBuildFile; fileRef = 5FC6C00C22A54D5A00F17764 /* PhotoGridViewModel.swift */; };
		5FC6C03022A54D5B00F17764 /* PhotoDetailViewController.swift in Sources */ = {isa = PBXBuildFile; fileRef = 5FC6C00E22A54D5A00F17764 /* PhotoDetailViewController.swift */; };
		5FC6C03122A54D5B00F17764 /* PhotoGridViewController.swift in Sources */ = {isa = PBXBuildFile; fileRef = 5FC6C00F22A54D5A00F17764 /* PhotoGridViewController.swift */; };
		5FC6C03222A54D5B00F17764 /* UIEdgeInsets+AllEdges.swift in Sources */ = {isa = PBXBuildFile; fileRef = 5FC6C01122A54D5A00F17764 /* UIEdgeInsets+AllEdges.swift */; };
		5FC6C03322A54D5B00F17764 /* UIView+Layout.swift in Sources */ = {isa = PBXBuildFile; fileRef = 5FC6C01322A54D5A00F17764 /* UIView+Layout.swift */; };
		5FC6C03422A54D5B00F17764 /* UIAlertController+ErrorAlert.swift in Sources */ = {isa = PBXBuildFile; fileRef = 5FC6C01422A54D5A00F17764 /* UIAlertController+ErrorAlert.swift */; };
		5FC6C03522A54D5B00F17764 /* Optional+Generic.swift in Sources */ = {isa = PBXBuildFile; fileRef = 5FC6C01622A54D5A00F17764 /* Optional+Generic.swift */; };
		5FC6C03622A54D5B00F17764 /* Array+Generic.swift in Sources */ = {isa = PBXBuildFile; fileRef = 5FC6C01722A54D5A00F17764 /* Array+Generic.swift */; };
		5FC6C03722A54D5B00F17764 /* CGSize+AllDimensions.swift in Sources */ = {isa = PBXBuildFile; fileRef = 5FC6C01922A54D5A00F17764 /* CGSize+AllDimensions.swift */; };
		5FC6C03822A54D5B00F17764 /* ObservalType+Generic.swift in Sources */ = {isa = PBXBuildFile; fileRef = 5FC6C01B22A54D5A00F17764 /* ObservalType+Generic.swift */; };
		5FC6C03922A54D5B00F17764 /* AppCoordinator.swift in Sources */ = {isa = PBXBuildFile; fileRef = 5FC6C01D22A54D5B00F17764 /* AppCoordinator.swift */; };
		5FC6C03A22A54D5B00F17764 /* PhotoGridCoordinator.swift in Sources */ = {isa = PBXBuildFile; fileRef = 5FC6C01E22A54D5B00F17764 /* PhotoGridCoordinator.swift */; };
		5FC6C03C22A54D5B00F17764 /* Photo.swift in Sources */ = {isa = PBXBuildFile; fileRef = 5FC6C02322A54D5B00F17764 /* Photo.swift */; };
		5FC6C03D22A54D5B00F17764 /* GridCollectionView.swift in Sources */ = {isa = PBXBuildFile; fileRef = 5FC6C02522A54D5B00F17764 /* GridCollectionView.swift */; };
		5FC6C03E22A54D5B00F17764 /* PhotoGridCell.swift in Sources */ = {isa = PBXBuildFile; fileRef = 5FC6C02722A54D5B00F17764 /* PhotoGridCell.swift */; };
		5FC6C04022A54E8900F17764 /* LaunchScreen.storyboard in Resources */ = {isa = PBXBuildFile; fileRef = 5FC6C03F22A54E8900F17764 /* LaunchScreen.storyboard */; };
/* End PBXBuildFile section */

/* Begin PBXContainerItemProxy section */
		5FC6BFF022A54B8800F17764 /* PBXContainerItemProxy */ = {
			isa = PBXContainerItemProxy;
			containerPortal = 5FC6BFD322A54B8700F17764 /* Project object */;
			proxyType = 1;
			remoteGlobalIDString = 5FC6BFDA22A54B8700F17764;
			remoteInfo = RxMVVMC;
		};
/* End PBXContainerItemProxy section */

/* Begin PBXCopyFilesBuildPhase section */
		5F15149F232125DA00EEE9ED /* Embed Frameworks */ = {
			isa = PBXCopyFilesBuildPhase;
			buildActionMask = 2147483647;
			dstPath = "";
			dstSubfolderSpec = 10;
			files = (
				5F15149E232125DA00EEE9ED /* EndPointLoader.framework in Embed Frameworks */,
			);
			name = "Embed Frameworks";
			runOnlyForDeploymentPostprocessing = 0;
		};
/* End PBXCopyFilesBuildPhase section */

/* Begin PBXFileReference section */
		5F0DB865231F03340021B883 /* Kingfisher.framework */ = {isa = PBXFileReference; lastKnownFileType = wrapper.framework; name = Kingfisher.framework; path = Carthage/Build/iOS/Kingfisher.framework; sourceTree = "<group>"; };
		5F0DB868231F03E00021B883 /* RxAtomic.framework */ = {isa = PBXFileReference; lastKnownFileType = wrapper.framework; name = RxAtomic.framework; path = Carthage/Build/iOS/RxAtomic.framework; sourceTree = "<group>"; };
		5F0DB869231F03E00021B883 /* RxSwift.framework */ = {isa = PBXFileReference; lastKnownFileType = wrapper.framework; name = RxSwift.framework; path = Carthage/Build/iOS/RxSwift.framework; sourceTree = "<group>"; };
		5F0DB86A231F03E00021B883 /* ObjcExceptionBridging.framework */ = {isa = PBXFileReference; lastKnownFileType = wrapper.framework; name = ObjcExceptionBridging.framework; path = Carthage/Build/iOS/ObjcExceptionBridging.framework; sourceTree = "<group>"; };
		5F0DB86B231F03E00021B883 /* RxCocoa.framework */ = {isa = PBXFileReference; lastKnownFileType = wrapper.framework; name = RxCocoa.framework; path = Carthage/Build/iOS/RxCocoa.framework; sourceTree = "<group>"; };
		5F0DB86C231F03E00021B883 /* RxBlocking.framework */ = {isa = PBXFileReference; lastKnownFileType = wrapper.framework; name = RxBlocking.framework; path = Carthage/Build/iOS/RxBlocking.framework; sourceTree = "<group>"; };
		5F0DB872231F03E50021B883 /* XCGLogger.framework */ = {isa = PBXFileReference; lastKnownFileType = wrapper.framework; name = XCGLogger.framework; path = Carthage/Build/iOS/XCGLogger.framework; sourceTree = "<group>"; };
		5F0DB874231F07410021B883 /* RxGesture.framework */ = {isa = PBXFileReference; lastKnownFileType = wrapper.framework; name = RxGesture.framework; path = Carthage/Build/iOS/RxGesture.framework; sourceTree = "<group>"; };
		5F151440231F9E3600EEE9ED /* LoadingView.swift */ = {isa = PBXFileReference; lastKnownFileType = sourcecode.swift; path = LoadingView.swift; sourceTree = "<group>"; };
		5F151448231FC4B200EEE9ED /* PhotoDownloadService.swift */ = {isa = PBXFileReference; lastKnownFileType = sourcecode.swift; path = PhotoDownloadService.swift; sourceTree = "<group>"; };
		5F15144B231FC7AC00EEE9ED /* Loader.swift */ = {isa = PBXFileReference; fileEncoding = 4; lastKnownFileType = sourcecode.swift; path = Loader.swift; sourceTree = "<group>"; };
		5F15144D231FE79800EEE9ED /* URL+Endpoints.swift */ = {isa = PBXFileReference; fileEncoding = 4; lastKnownFileType = sourcecode.swift; path = "URL+Endpoints.swift"; sourceTree = "<group>"; };
		5F15147C23205E3D00EEE9ED /* Crashlytics.framework */ = {isa = PBXFileReference; lastKnownFileType = wrapper.framework; name = Crashlytics.framework; path = Frameworks/Crashlytics.framework; sourceTree = "<group>"; };
		5F1514982321259E00EEE9ED /* EndPointLoader.framework */ = {isa = PBXFileReference; lastKnownFileType = wrapper.framework; name = EndPointLoader.framework; path = Frameworks/EndPointLoader.framework; sourceTree = "<group>"; };
		5FC6BFDB22A54B8700F17764 /* RxMVVMC.app */ = {isa = PBXFileReference; explicitFileType = wrapper.application; includeInIndex = 0; path = RxMVVMC.app; sourceTree = BUILT_PRODUCTS_DIR; };
		5FC6BFDE22A54B8800F17764 /* AppDelegate.swift */ = {isa = PBXFileReference; lastKnownFileType = sourcecode.swift; path = AppDelegate.swift; sourceTree = "<group>"; };
		5FC6BFEA22A54B8800F17764 /* Info.plist */ = {isa = PBXFileReference; lastKnownFileType = text.plist.xml; path = Info.plist; sourceTree = "<group>"; };
		5FC6BFEF22A54B8800F17764 /* RxMVVMCTests.xctest */ = {isa = PBXFileReference; explicitFileType = wrapper.cfbundle; includeInIndex = 0; path = RxMVVMCTests.xctest; sourceTree = BUILT_PRODUCTS_DIR; };
		5FC6BFF322A54B8800F17764 /* RxMVVMCTests.swift */ = {isa = PBXFileReference; lastKnownFileType = sourcecode.swift; path = RxMVVMCTests.swift; sourceTree = "<group>"; };
		5FC6BFF522A54B8800F17764 /* Info.plist */ = {isa = PBXFileReference; lastKnownFileType = text.plist.xml; path = Info.plist; sourceTree = "<group>"; };
		5FC6C00222A54D5A00F17764 /* LayoutConstants.swift */ = {isa = PBXFileReference; fileEncoding = 4; lastKnownFileType = sourcecode.swift; path = LayoutConstants.swift; sourceTree = "<group>"; };
		5FC6C00322A54D5A00F17764 /* ViewCreator.swift */ = {isa = PBXFileReference; fileEncoding = 4; lastKnownFileType = sourcecode.swift; path = ViewCreator.swift; sourceTree = "<group>"; };
		5FC6C00522A54D5A00F17764 /* ResuableView.swift */ = {isa = PBXFileReference; fileEncoding = 4; lastKnownFileType = sourcecode.swift; path = ResuableView.swift; sourceTree = "<group>"; };
		5FC6C00622A54D5A00F17764 /* Coordinatable.swift */ = {isa = PBXFileReference; fileEncoding = 4; lastKnownFileType = sourcecode.swift; path = Coordinatable.swift; sourceTree = "<group>"; };
		5FC6C00822A54D5A00F17764 /* Assets.xcassets */ = {isa = PBXFileReference; lastKnownFileType = folder.assetcatalog; path = Assets.xcassets; sourceTree = "<group>"; };
		5FC6C00C22A54D5A00F17764 /* PhotoGridViewModel.swift */ = {isa = PBXFileReference; fileEncoding = 4; lastKnownFileType = sourcecode.swift; path = PhotoGridViewModel.swift; sourceTree = "<group>"; };
		5FC6C00E22A54D5A00F17764 /* PhotoDetailViewController.swift */ = {isa = PBXFileReference; fileEncoding = 4; lastKnownFileType = sourcecode.swift; path = PhotoDetailViewController.swift; sourceTree = "<group>"; };
		5FC6C00F22A54D5A00F17764 /* PhotoGridViewController.swift */ = {isa = PBXFileReference; fileEncoding = 4; lastKnownFileType = sourcecode.swift; path = PhotoGridViewController.swift; sourceTree = "<group>"; };
		5FC6C01122A54D5A00F17764 /* UIEdgeInsets+AllEdges.swift */ = {isa = PBXFileReference; fileEncoding = 4; lastKnownFileType = sourcecode.swift; path = "UIEdgeInsets+AllEdges.swift"; sourceTree = "<group>"; };
		5FC6C01322A54D5A00F17764 /* UIView+Layout.swift */ = {isa = PBXFileReference; fileEncoding = 4; lastKnownFileType = sourcecode.swift; path = "UIView+Layout.swift"; sourceTree = "<group>"; };
		5FC6C01422A54D5A00F17764 /* UIAlertController+ErrorAlert.swift */ = {isa = PBXFileReference; fileEncoding = 4; lastKnownFileType = sourcecode.swift; path = "UIAlertController+ErrorAlert.swift"; sourceTree = "<group>"; };
		5FC6C01622A54D5A00F17764 /* Optional+Generic.swift */ = {isa = PBXFileReference; fileEncoding = 4; lastKnownFileType = sourcecode.swift; path = "Optional+Generic.swift"; sourceTree = "<group>"; };
		5FC6C01722A54D5A00F17764 /* Array+Generic.swift */ = {isa = PBXFileReference; fileEncoding = 4; lastKnownFileType = sourcecode.swift; path = "Array+Generic.swift"; sourceTree = "<group>"; };
		5FC6C01922A54D5A00F17764 /* CGSize+AllDimensions.swift */ = {isa = PBXFileReference; fileEncoding = 4; lastKnownFileType = sourcecode.swift; path = "CGSize+AllDimensions.swift"; sourceTree = "<group>"; };
		5FC6C01B22A54D5A00F17764 /* ObservalType+Generic.swift */ = {isa = PBXFileReference; fileEncoding = 4; lastKnownFileType = sourcecode.swift; path = "ObservalType+Generic.swift"; sourceTree = "<group>"; };
		5FC6C01D22A54D5B00F17764 /* AppCoordinator.swift */ = {isa = PBXFileReference; fileEncoding = 4; lastKnownFileType = sourcecode.swift; path = AppCoordinator.swift; sourceTree = "<group>"; };
		5FC6C01E22A54D5B00F17764 /* PhotoGridCoordinator.swift */ = {isa = PBXFileReference; fileEncoding = 4; lastKnownFileType = sourcecode.swift; path = PhotoGridCoordinator.swift; sourceTree = "<group>"; };
		5FC6C02322A54D5B00F17764 /* Photo.swift */ = {isa = PBXFileReference; fileEncoding = 4; lastKnownFileType = sourcecode.swift; path = Photo.swift; sourceTree = "<group>"; };
		5FC6C02522A54D5B00F17764 /* GridCollectionView.swift */ = {isa = PBXFileReference; fileEncoding = 4; lastKnownFileType = sourcecode.swift; path = GridCollectionView.swift; sourceTree = "<group>"; };
		5FC6C02722A54D5B00F17764 /* PhotoGridCell.swift */ = {isa = PBXFileReference; fileEncoding = 4; lastKnownFileType = sourcecode.swift; path = PhotoGridCell.swift; sourceTree = "<group>"; };
		5FC6C03F22A54E8900F17764 /* LaunchScreen.storyboard */ = {isa = PBXFileReference; lastKnownFileType = file.storyboard; path = LaunchScreen.storyboard; sourceTree = "<group>"; };
/* End PBXFileReference section */

/* Begin PBXFrameworksBuildPhase section */
		5FC6BFD822A54B8700F17764 /* Frameworks */ = {
			isa = PBXFrameworksBuildPhase;
			buildActionMask = 2147483647;
			files = (
				5F15147D23205E3D00EEE9ED /* Crashlytics.framework in Frameworks */,
				5F0DB867231F03670021B883 /* Kingfisher.framework in Frameworks */,
				5F0DB86E231F03E00021B883 /* RxSwift.framework in Frameworks */,
				5F0DB86F231F03E00021B883 /* ObjcExceptionBridging.framework in Frameworks */,
				5F15149D232125DA00EEE9ED /* EndPointLoader.framework in Frameworks */,
				5F0DB873231F03E50021B883 /* XCGLogger.framework in Frameworks */,
				5F0DB870231F03E00021B883 /* RxCocoa.framework in Frameworks */,
				5F0DB871231F03E00021B883 /* RxBlocking.framework in Frameworks */,
				5F0DB875231F07410021B883 /* RxGesture.framework in Frameworks */,
			);
			runOnlyForDeploymentPostprocessing = 0;
		};
		5FC6BFEC22A54B8800F17764 /* Frameworks */ = {
			isa = PBXFrameworksBuildPhase;
			buildActionMask = 2147483647;
			files = (
			);
			runOnlyForDeploymentPostprocessing = 0;
		};
/* End PBXFrameworksBuildPhase section */

/* Begin PBXGroup section */
		5F0DB864231F03340021B883 /* Frameworks */ = {
			isa = PBXGroup;
			children = (
				5F1514982321259E00EEE9ED /* EndPointLoader.framework */,
				5F15147C23205E3D00EEE9ED /* Crashlytics.framework */,
				5F0DB874231F07410021B883 /* RxGesture.framework */,
				5F0DB872231F03E50021B883 /* XCGLogger.framework */,
				5F0DB86A231F03E00021B883 /* ObjcExceptionBridging.framework */,
				5F0DB868231F03E00021B883 /* RxAtomic.framework */,
				5F0DB86C231F03E00021B883 /* RxBlocking.framework */,
				5F0DB86B231F03E00021B883 /* RxCocoa.framework */,
				5F0DB869231F03E00021B883 /* RxSwift.framework */,
				5F0DB865231F03340021B883 /* Kingfisher.framework */,
			);
			name = Frameworks;
			sourceTree = "<group>";
		};
		5F151444231FA6D800EEE9ED /* Custom */ = {
			isa = PBXGroup;
			children = (
				5F151440231F9E3600EEE9ED /* LoadingView.swift */,
			);
			path = Custom;
			sourceTree = "<group>";
		};
		5F151445231FBFED00EEE9ED /* Services */ = {
			isa = PBXGroup;
			children = (
				5F151448231FC4B200EEE9ED /* PhotoDownloadService.swift */,
			);
			path = Services;
			sourceTree = "<group>";
		};
		5F15144A231FC78300EEE9ED /* Loader */ = {
			isa = PBXGroup;
			children = (
				5F15144B231FC7AC00EEE9ED /* Loader.swift */,
			);
			path = Loader;
			sourceTree = "<group>";
		};
		5FC6BFD222A54B8700F17764 = {
			isa = PBXGroup;
			children = (
				5FC6BFDD22A54B8700F17764 /* RxMVVMC */,
				5FC6BFF222A54B8800F17764 /* RxMVVMCTests */,
				5FC6BFDC22A54B8700F17764 /* Products */,
				5F0DB864231F03340021B883 /* Frameworks */,
			);
			sourceTree = "<group>";
		};
		5FC6BFDC22A54B8700F17764 /* Products */ = {
			isa = PBXGroup;
			children = (
				5FC6BFDB22A54B8700F17764 /* RxMVVMC.app */,
				5FC6BFEF22A54B8800F17764 /* RxMVVMCTests.xctest */,
			);
			name = Products;
			sourceTree = "<group>";
		};
		5FC6BFDD22A54B8700F17764 /* RxMVVMC */ = {
			isa = PBXGroup;
			children = (
				5FC6BFFE22A54BAA00F17764 /* Application */,
				5FC6C01C22A54D5B00F17764 /* Coordinator */,
				5FC6C00D22A54D5A00F17764 /* Controllers */,
				5FC6C00B22A54D5A00F17764 /* ViewModel */,
				5FC6C02422A54D5B00F17764 /* Views */,
				5FC6C02222A54D5B00F17764 /* Model */,
				5F151445231FBFED00EEE9ED /* Services */,
				5F15144A231FC78300EEE9ED /* Loader */,
				5FC6C00422A54D5A00F17764 /* Protocols */,
				5FC6C01022A54D5A00F17764 /* Extensions */,
				5FC6C00122A54D5A00F17764 /* Helpers */,
				5FC6C00722A54D5A00F17764 /* Resources */,
			);
			path = RxMVVMC;
			sourceTree = "<group>";
		};
		5FC6BFF222A54B8800F17764 /* RxMVVMCTests */ = {
			isa = PBXGroup;
			children = (
				5FC6BFF322A54B8800F17764 /* RxMVVMCTests.swift */,
				5FC6BFF522A54B8800F17764 /* Info.plist */,
			);
			path = RxMVVMCTests;
			sourceTree = "<group>";
		};
		5FC6BFFE22A54BAA00F17764 /* Application */ = {
			isa = PBXGroup;
			children = (
				5FC6BFDE22A54B8800F17764 /* AppDelegate.swift */,
				5FC6BFEA22A54B8800F17764 /* Info.plist */,
			);
			path = Application;
			sourceTree = "<group>";
		};
		5FC6C00122A54D5A00F17764 /* Helpers */ = {
			isa = PBXGroup;
			children = (
				5FC6C00222A54D5A00F17764 /* LayoutConstants.swift */,
				5FC6C00322A54D5A00F17764 /* ViewCreator.swift */,
			);
			path = Helpers;
			sourceTree = "<group>";
		};
		5FC6C00422A54D5A00F17764 /* Protocols */ = {
			isa = PBXGroup;
			children = (
				5FC6C00522A54D5A00F17764 /* ResuableView.swift */,
				5FC6C00622A54D5A00F17764 /* Coordinatable.swift */,
			);
			path = Protocols;
			sourceTree = "<group>";
		};
		5FC6C00722A54D5A00F17764 /* Resources */ = {
			isa = PBXGroup;
			children = (
				5FC6C03F22A54E8900F17764 /* LaunchScreen.storyboard */,
				5FC6C00822A54D5A00F17764 /* Assets.xcassets */,
			);
			path = Resources;
			sourceTree = "<group>";
		};
		5FC6C00B22A54D5A00F17764 /* ViewModel */ = {
			isa = PBXGroup;
			children = (
				5FC6C00C22A54D5A00F17764 /* PhotoGridViewModel.swift */,
			);
			path = ViewModel;
			sourceTree = "<group>";
		};
		5FC6C00D22A54D5A00F17764 /* Controllers */ = {
			isa = PBXGroup;
			children = (
				5FC6C00F22A54D5A00F17764 /* PhotoGridViewController.swift */,
				5FC6C00E22A54D5A00F17764 /* PhotoDetailViewController.swift */,
			);
			path = Controllers;
			sourceTree = "<group>";
		};
		5FC6C01022A54D5A00F17764 /* Extensions */ = {
			isa = PBXGroup;
			children = (
				5FC6C01122A54D5A00F17764 /* UIEdgeInsets+AllEdges.swift */,
				5FC6C01222A54D5A00F17764 /* UIKit */,
				5FC6C01522A54D5A00F17764 /* Foundation */,
				5FC6C01822A54D5A00F17764 /* Core Graphics */,
				5FC6C01A22A54D5A00F17764 /* Rx */,
			);
			path = Extensions;
			sourceTree = "<group>";
		};
		5FC6C01222A54D5A00F17764 /* UIKit */ = {
			isa = PBXGroup;
			children = (
				5FC6C01322A54D5A00F17764 /* UIView+Layout.swift */,
				5FC6C01422A54D5A00F17764 /* UIAlertController+ErrorAlert.swift */,
			);
			path = UIKit;
			sourceTree = "<group>";
		};
		5FC6C01522A54D5A00F17764 /* Foundation */ = {
			isa = PBXGroup;
			children = (
				5F15144D231FE79800EEE9ED /* URL+Endpoints.swift */,
				5FC6C01622A54D5A00F17764 /* Optional+Generic.swift */,
				5FC6C01722A54D5A00F17764 /* Array+Generic.swift */,
			);
			path = Foundation;
			sourceTree = "<group>";
		};
		5FC6C01822A54D5A00F17764 /* Core Graphics */ = {
			isa = PBXGroup;
			children = (
				5FC6C01922A54D5A00F17764 /* CGSize+AllDimensions.swift */,
			);
			path = "Core Graphics";
			sourceTree = "<group>";
		};
		5FC6C01A22A54D5A00F17764 /* Rx */ = {
			isa = PBXGroup;
			children = (
				5FC6C01B22A54D5A00F17764 /* ObservalType+Generic.swift */,
			);
			path = Rx;
			sourceTree = "<group>";
		};
		5FC6C01C22A54D5B00F17764 /* Coordinator */ = {
			isa = PBXGroup;
			children = (
				5FC6C01D22A54D5B00F17764 /* AppCoordinator.swift */,
				5FC6C01E22A54D5B00F17764 /* PhotoGridCoordinator.swift */,
			);
			path = Coordinator;
			sourceTree = "<group>";
		};
		5FC6C02222A54D5B00F17764 /* Model */ = {
			isa = PBXGroup;
			children = (
				5FC6C02322A54D5B00F17764 /* Photo.swift */,
			);
			path = Model;
			sourceTree = "<group>";
		};
		5FC6C02422A54D5B00F17764 /* Views */ = {
			isa = PBXGroup;
			children = (
				5F151444231FA6D800EEE9ED /* Custom */,
				5FC6C02522A54D5B00F17764 /* GridCollectionView.swift */,
				5FC6C02622A54D5B00F17764 /* UICollectionViewCell */,
			);
			path = Views;
			sourceTree = "<group>";
		};
		5FC6C02622A54D5B00F17764 /* UICollectionViewCell */ = {
			isa = PBXGroup;
			children = (
				5FC6C02722A54D5B00F17764 /* PhotoGridCell.swift */,
			);
			path = UICollectionViewCell;
			sourceTree = "<group>";
		};
/* End PBXGroup section */

/* Begin PBXNativeTarget section */
		5FC6BFDA22A54B8700F17764 /* RxMVVMC */ = {
			isa = PBXNativeTarget;
			buildConfigurationList = 5FC6BFF822A54B8800F17764 /* Build configuration list for PBXNativeTarget "RxMVVMC" */;
			buildPhases = (
				5FC6BFD722A54B8700F17764 /* Sources */,
				5FC6BFD822A54B8700F17764 /* Frameworks */,
				5FC6BFD922A54B8700F17764 /* Resources */,
				5F0DB862231EF92E0021B883 /* Carthage */,
				5F15143F231F0F0E00EEE9ED /* Swiftlint */,
				5F15149F232125DA00EEE9ED /* Embed Frameworks */,
			);
			buildRules = (
			);
			dependencies = (
			);
			name = RxMVVMC;
			productName = RxMVVMC;
			productReference = 5FC6BFDB22A54B8700F17764 /* RxMVVMC.app */;
			productType = "com.apple.product-type.application";
		};
		5FC6BFEE22A54B8800F17764 /* RxMVVMCTests */ = {
			isa = PBXNativeTarget;
			buildConfigurationList = 5FC6BFFB22A54B8800F17764 /* Build configuration list for PBXNativeTarget "RxMVVMCTests" */;
			buildPhases = (
				5FC6BFEB22A54B8800F17764 /* Sources */,
				5FC6BFEC22A54B8800F17764 /* Frameworks */,
				5FC6BFED22A54B8800F17764 /* Resources */,
				5F0DB863231EF9E90021B883 /* Carthage */,
			);
			buildRules = (
			);
			dependencies = (
				5FC6BFF122A54B8800F17764 /* PBXTargetDependency */,
			);
			name = RxMVVMCTests;
			productName = RxMVVMCTests;
			productReference = 5FC6BFEF22A54B8800F17764 /* RxMVVMCTests.xctest */;
			productType = "com.apple.product-type.bundle.unit-test";
		};
/* End PBXNativeTarget section */

/* Begin PBXProject section */
		5FC6BFD322A54B8700F17764 /* Project object */ = {
			isa = PBXProject;
			attributes = {
				LastSwiftUpdateCheck = 1020;
				LastUpgradeCheck = 1020;
				ORGANIZATIONNAME = Wasim;
				TargetAttributes = {
					5FC6BFDA22A54B8700F17764 = {
						CreatedOnToolsVersion = 10.2.1;
					};
					5FC6BFEE22A54B8800F17764 = {
						CreatedOnToolsVersion = 10.2.1;
						TestTargetID = 5FC6BFDA22A54B8700F17764;
					};
				};
			};
			buildConfigurationList = 5FC6BFD622A54B8700F17764 /* Build configuration list for PBXProject "RxMVVMC" */;
			compatibilityVersion = "Xcode 9.3";
			developmentRegion = en;
			hasScannedForEncodings = 0;
			knownRegions = (
				en,
				Base,
			);
			mainGroup = 5FC6BFD222A54B8700F17764;
			productRefGroup = 5FC6BFDC22A54B8700F17764 /* Products */;
			projectDirPath = "";
			projectRoot = "";
			targets = (
				5FC6BFDA22A54B8700F17764 /* RxMVVMC */,
				5FC6BFEE22A54B8800F17764 /* RxMVVMCTests */,
			);
		};
/* End PBXProject section */

/* Begin PBXResourcesBuildPhase section */
		5FC6BFD922A54B8700F17764 /* Resources */ = {
			isa = PBXResourcesBuildPhase;
			buildActionMask = 2147483647;
			files = (
				5FC6C04022A54E8900F17764 /* LaunchScreen.storyboard in Resources */,
				5FC6C02D22A54D5B00F17764 /* Assets.xcassets in Resources */,
			);
			runOnlyForDeploymentPostprocessing = 0;
		};
		5FC6BFED22A54B8800F17764 /* Resources */ = {
			isa = PBXResourcesBuildPhase;
			buildActionMask = 2147483647;
			files = (
			);
			runOnlyForDeploymentPostprocessing = 0;
		};
/* End PBXResourcesBuildPhase section */

/* Begin PBXShellScriptBuildPhase section */
		5F0DB862231EF92E0021B883 /* Carthage */ = {
			isa = PBXShellScriptBuildPhase;
			buildActionMask = 2147483647;
			files = (
			);
			inputFileListPaths = (
				"$(SRCROOT)/carthage-input.xcfilelist",
			);
			inputPaths = (
			);
			name = Carthage;
			outputFileListPaths = (
				"$(SRCROOT)/carthage-output.xcfilelist",
			);
			outputPaths = (
			);
			runOnlyForDeploymentPostprocessing = 0;
			shellPath = /bin/sh;
			shellScript = "/usr/local/bin/carthage copy-frameworks\n";
		};
		5F0DB863231EF9E90021B883 /* Carthage */ = {
			isa = PBXShellScriptBuildPhase;
			buildActionMask = 2147483647;
			files = (
			);
			inputFileListPaths = (
				"$(SRCROOT)/carthage-tests-input.xcfilelist",
			);
			inputPaths = (
			);
			name = Carthage;
			outputFileListPaths = (
				"$(SRCROOT)/carthage-tests-output.xcfilelist",
			);
			outputPaths = (
			);
			runOnlyForDeploymentPostprocessing = 0;
			shellPath = /bin/sh;
			shellScript = "/usr/local/bin/carthage copy-frameworks\n";
		};
		5F15143F231F0F0E00EEE9ED /* Swiftlint */ = {
			isa = PBXShellScriptBuildPhase;
			buildActionMask = 2147483647;
			files = (
			);
			inputFileListPaths = (
			);
			inputPaths = (
			);
			name = Swiftlint;
			outputFileListPaths = (
			);
			outputPaths = (
			);
			runOnlyForDeploymentPostprocessing = 0;
			shellPath = /bin/sh;
			shellScript = "if which swiftlint >/dev/null; then\ncd RxMVVMC\nswiftlint\nelse\necho \"warning: SwiftLint not installed, download from https://github.com/realm/SwiftLint\"\nfi\n";
		};
/* End PBXShellScriptBuildPhase section */

/* Begin PBXSourcesBuildPhase section */
		5FC6BFD722A54B8700F17764 /* Sources */ = {
			isa = PBXSourcesBuildPhase;
			buildActionMask = 2147483647;
			files = (
				5FC6C03D22A54D5B00F17764 /* GridCollectionView.swift in Sources */,
				5FC6C03E22A54D5B00F17764 /* PhotoGridCell.swift in Sources */,
				5FC6C03422A54D5B00F17764 /* UIAlertController+ErrorAlert.swift in Sources */,
				5F151449231FC4B200EEE9ED /* PhotoDownloadService.swift in Sources */,
				5F151441231F9E3600EEE9ED /* LoadingView.swift in Sources */,
				5FC6C03622A54D5B00F17764 /* Array+Generic.swift in Sources */,
				5FC6C03922A54D5B00F17764 /* AppCoordinator.swift in Sources */,
				5FC6C02922A54D5B00F17764 /* LayoutConstants.swift in Sources */,
				5FC6BFDF22A54B8800F17764 /* AppDelegate.swift in Sources */,
				5FC6C03222A54D5B00F17764 /* UIEdgeInsets+AllEdges.swift in Sources */,
				5FC6C03522A54D5B00F17764 /* Optional+Generic.swift in Sources */,
				5F15144E231FE79800EEE9ED /* URL+Endpoints.swift in Sources */,
				5FC6C02A22A54D5B00F17764 /* ViewCreator.swift in Sources */,
				5FC6C03722A54D5B00F17764 /* CGSize+AllDimensions.swift in Sources */,
				5F15144C231FC7AC00EEE9ED /* Loader.swift in Sources */,
				5FC6C02F22A54D5B00F17764 /* PhotoGridViewModel.swift in Sources */,
				5FC6C03322A54D5B00F17764 /* UIView+Layout.swift in Sources */,
				5FC6C03C22A54D5B00F17764 /* Photo.swift in Sources */,
				5FC6C03122A54D5B00F17764 /* PhotoGridViewController.swift in Sources */,
				5FC6C02B22A54D5B00F17764 /* ResuableView.swift in Sources */,
				5FC6C03822A54D5B00F17764 /* ObservalType+Generic.swift in Sources */,
				5FC6C03022A54D5B00F17764 /* PhotoDetailViewController.swift in Sources */,
				5FC6C02C22A54D5B00F17764 /* Coordinatable.swift in Sources */,
				5FC6C03A22A54D5B00F17764 /* PhotoGridCoordinator.swift in Sources */,
			);
			runOnlyForDeploymentPostprocessing = 0;
		};
		5FC6BFEB22A54B8800F17764 /* Sources */ = {
			isa = PBXSourcesBuildPhase;
			buildActionMask = 2147483647;
			files = (
				5FC6BFF422A54B8800F17764 /* RxMVVMCTests.swift in Sources */,
			);
			runOnlyForDeploymentPostprocessing = 0;
		};
/* End PBXSourcesBuildPhase section */

/* Begin PBXTargetDependency section */
		5FC6BFF122A54B8800F17764 /* PBXTargetDependency */ = {
			isa = PBXTargetDependency;
			target = 5FC6BFDA22A54B8700F17764 /* RxMVVMC */;
			targetProxy = 5FC6BFF022A54B8800F17764 /* PBXContainerItemProxy */;
		};
/* End PBXTargetDependency section */

/* Begin XCBuildConfiguration section */
		5FC6BFF622A54B8800F17764 /* Debug */ = {
			isa = XCBuildConfiguration;
			buildSettings = {
				ALWAYS_SEARCH_USER_PATHS = NO;
				CLANG_ANALYZER_NONNULL = YES;
				CLANG_ANALYZER_NUMBER_OBJECT_CONVERSION = YES_AGGRESSIVE;
				CLANG_CXX_LANGUAGE_STANDARD = "gnu++14";
				CLANG_CXX_LIBRARY = "libc++";
				CLANG_ENABLE_MODULES = YES;
				CLANG_ENABLE_OBJC_ARC = YES;
				CLANG_ENABLE_OBJC_WEAK = YES;
				CLANG_WARN_BLOCK_CAPTURE_AUTORELEASING = YES;
				CLANG_WARN_BOOL_CONVERSION = YES;
				CLANG_WARN_COMMA = YES;
				CLANG_WARN_CONSTANT_CONVERSION = YES;
				CLANG_WARN_DEPRECATED_OBJC_IMPLEMENTATIONS = YES;
				CLANG_WARN_DIRECT_OBJC_ISA_USAGE = YES_ERROR;
				CLANG_WARN_DOCUMENTATION_COMMENTS = YES;
				CLANG_WARN_EMPTY_BODY = YES;
				CLANG_WARN_ENUM_CONVERSION = YES;
				CLANG_WARN_INFINITE_RECURSION = YES;
				CLANG_WARN_INT_CONVERSION = YES;
				CLANG_WARN_NON_LITERAL_NULL_CONVERSION = YES;
				CLANG_WARN_OBJC_IMPLICIT_RETAIN_SELF = YES;
				CLANG_WARN_OBJC_LITERAL_CONVERSION = YES;
				CLANG_WARN_OBJC_ROOT_CLASS = YES_ERROR;
				CLANG_WARN_RANGE_LOOP_ANALYSIS = YES;
				CLANG_WARN_STRICT_PROTOTYPES = YES;
				CLANG_WARN_SUSPICIOUS_MOVE = YES;
				CLANG_WARN_UNGUARDED_AVAILABILITY = YES_AGGRESSIVE;
				CLANG_WARN_UNREACHABLE_CODE = YES;
				CLANG_WARN__DUPLICATE_METHOD_MATCH = YES;
				CODE_SIGN_IDENTITY = "iPhone Developer";
				COPY_PHASE_STRIP = NO;
				DEBUG_INFORMATION_FORMAT = dwarf;
				ENABLE_STRICT_OBJC_MSGSEND = YES;
				ENABLE_TESTABILITY = YES;
				GCC_C_LANGUAGE_STANDARD = gnu11;
				GCC_DYNAMIC_NO_PIC = NO;
				GCC_NO_COMMON_BLOCKS = YES;
				GCC_OPTIMIZATION_LEVEL = 0;
				GCC_PREPROCESSOR_DEFINITIONS = (
					"DEBUG=1",
					"$(inherited)",
				);
				GCC_WARN_64_TO_32_BIT_CONVERSION = YES;
				GCC_WARN_ABOUT_RETURN_TYPE = YES_ERROR;
				GCC_WARN_UNDECLARED_SELECTOR = YES;
				GCC_WARN_UNINITIALIZED_AUTOS = YES_AGGRESSIVE;
				GCC_WARN_UNUSED_FUNCTION = YES;
				GCC_WARN_UNUSED_VARIABLE = YES;
				IPHONEOS_DEPLOYMENT_TARGET = 12.2;
				MTL_ENABLE_DEBUG_INFO = INCLUDE_SOURCE;
				MTL_FAST_MATH = YES;
				ONLY_ACTIVE_ARCH = YES;
				SDKROOT = iphoneos;
				SWIFT_ACTIVE_COMPILATION_CONDITIONS = DEBUG;
				SWIFT_OPTIMIZATION_LEVEL = "-Onone";
			};
			name = Debug;
		};
		5FC6BFF722A54B8800F17764 /* Release */ = {
			isa = XCBuildConfiguration;
			buildSettings = {
				ALWAYS_SEARCH_USER_PATHS = NO;
				CLANG_ANALYZER_NONNULL = YES;
				CLANG_ANALYZER_NUMBER_OBJECT_CONVERSION = YES_AGGRESSIVE;
				CLANG_CXX_LANGUAGE_STANDARD = "gnu++14";
				CLANG_CXX_LIBRARY = "libc++";
				CLANG_ENABLE_MODULES = YES;
				CLANG_ENABLE_OBJC_ARC = YES;
				CLANG_ENABLE_OBJC_WEAK = YES;
				CLANG_WARN_BLOCK_CAPTURE_AUTORELEASING = YES;
				CLANG_WARN_BOOL_CONVERSION = YES;
				CLANG_WARN_COMMA = YES;
				CLANG_WARN_CONSTANT_CONVERSION = YES;
				CLANG_WARN_DEPRECATED_OBJC_IMPLEMENTATIONS = YES;
				CLANG_WARN_DIRECT_OBJC_ISA_USAGE = YES_ERROR;
				CLANG_WARN_DOCUMENTATION_COMMENTS = YES;
				CLANG_WARN_EMPTY_BODY = YES;
				CLANG_WARN_ENUM_CONVERSION = YES;
				CLANG_WARN_INFINITE_RECURSION = YES;
				CLANG_WARN_INT_CONVERSION = YES;
				CLANG_WARN_NON_LITERAL_NULL_CONVERSION = YES;
				CLANG_WARN_OBJC_IMPLICIT_RETAIN_SELF = YES;
				CLANG_WARN_OBJC_LITERAL_CONVERSION = YES;
				CLANG_WARN_OBJC_ROOT_CLASS = YES_ERROR;
				CLANG_WARN_RANGE_LOOP_ANALYSIS = YES;
				CLANG_WARN_STRICT_PROTOTYPES = YES;
				CLANG_WARN_SUSPICIOUS_MOVE = YES;
				CLANG_WARN_UNGUARDED_AVAILABILITY = YES_AGGRESSIVE;
				CLANG_WARN_UNREACHABLE_CODE = YES;
				CLANG_WARN__DUPLICATE_METHOD_MATCH = YES;
				CODE_SIGN_IDENTITY = "iPhone Developer";
				COPY_PHASE_STRIP = NO;
				DEBUG_INFORMATION_FORMAT = "dwarf-with-dsym";
				ENABLE_NS_ASSERTIONS = NO;
				ENABLE_STRICT_OBJC_MSGSEND = YES;
				GCC_C_LANGUAGE_STANDARD = gnu11;
				GCC_NO_COMMON_BLOCKS = YES;
				GCC_WARN_64_TO_32_BIT_CONVERSION = YES;
				GCC_WARN_ABOUT_RETURN_TYPE = YES_ERROR;
				GCC_WARN_UNDECLARED_SELECTOR = YES;
				GCC_WARN_UNINITIALIZED_AUTOS = YES_AGGRESSIVE;
				GCC_WARN_UNUSED_FUNCTION = YES;
				GCC_WARN_UNUSED_VARIABLE = YES;
				IPHONEOS_DEPLOYMENT_TARGET = 12.2;
				MTL_ENABLE_DEBUG_INFO = NO;
				MTL_FAST_MATH = YES;
				SDKROOT = iphoneos;
				SWIFT_COMPILATION_MODE = wholemodule;
				SWIFT_OPTIMIZATION_LEVEL = "-O";
				VALIDATE_PRODUCT = YES;
			};
			name = Release;
		};
		5FC6BFF922A54B8800F17764 /* Debug */ = {
			isa = XCBuildConfiguration;
			buildSettings = {
				ASSETCATALOG_COMPILER_APPICON_NAME = AppIcon;
				CODE_SIGN_STYLE = Automatic;
				FRAMEWORK_SEARCH_PATHS = (
					"$(inherited)",
					"$(PROJECT_DIR)/Carthage/Build/iOS",
					"$(PROJECT_DIR)/Frameworks",
				);
				INFOPLIST_FILE = RxMVVMC/Application/Info.plist;
				IPHONEOS_DEPLOYMENT_TARGET = 11.0;
				LD_RUNPATH_SEARCH_PATHS = (
					"$(inherited)",
					"@executable_path/Frameworks",
					"@loader_path/Frameworks",
				);
				PRODUCT_BUNDLE_IDENTIFIER = net.wasim.RxMVVMC;
				PRODUCT_NAME = "$(TARGET_NAME)";
				SWIFT_VERSION = 5.0;
				TARGETED_DEVICE_FAMILY = "1,2";
			};
			name = Debug;
		};
		5FC6BFFA22A54B8800F17764 /* Release */ = {
			isa = XCBuildConfiguration;
			buildSettings = {
				ASSETCATALOG_COMPILER_APPICON_NAME = AppIcon;
				CODE_SIGN_STYLE = Automatic;
				FRAMEWORK_SEARCH_PATHS = (
					"$(inherited)",
					"$(PROJECT_DIR)/Carthage/Build/iOS",
					"$(PROJECT_DIR)/Frameworks",
				);
				INFOPLIST_FILE = RxMVVMC/Application/Info.plist;
				IPHONEOS_DEPLOYMENT_TARGET = 11.0;
				LD_RUNPATH_SEARCH_PATHS = (
					"$(inherited)",
					"@executable_path/Frameworks",
					"@loader_path/Frameworks",
				);
				PRODUCT_BUNDLE_IDENTIFIER = net.wasim.RxMVVMC;
				PRODUCT_NAME = "$(TARGET_NAME)";
				SWIFT_VERSION = 5.0;
				TARGETED_DEVICE_FAMILY = "1,2";
			};
			name = Release;
		};
		5FC6BFFC22A54B8800F17764 /* Debug */ = {
			isa = XCBuildConfiguration;
			buildSettings = {
				ALWAYS_EMBED_SWIFT_STANDARD_LIBRARIES = YES;
				BUNDLE_LOADER = "$(TEST_HOST)";
				CODE_SIGN_STYLE = Automatic;
				FRAMEWORK_SEARCH_PATHS = (
					"$(inherited)",
					"$(PROJECT_DIR)/Carthage/Build/iOS",
				);
				INFOPLIST_FILE = RxMVVMCTests/Info.plist;
				LD_RUNPATH_SEARCH_PATHS = (
					"$(inherited)",
					"@executable_path/Frameworks",
					"@loader_path/Frameworks",
				);
				PRODUCT_BUNDLE_IDENTIFIER = net.wasim.RxMVVMCTests;
				PRODUCT_NAME = "$(TARGET_NAME)";
				SWIFT_VERSION = 5.0;
				TARGETED_DEVICE_FAMILY = "1,2";
				TEST_HOST = "$(BUILT_PRODUCTS_DIR)/RxMVVMC.app/RxMVVMC";
			};
			name = Debug;
		};
		5FC6BFFD22A54B8800F17764 /* Release */ = {
			isa = XCBuildConfiguration;
			buildSettings = {
				ALWAYS_EMBED_SWIFT_STANDARD_LIBRARIES = YES;
				BUNDLE_LOADER = "$(TEST_HOST)";
				CODE_SIGN_STYLE = Automatic;
				FRAMEWORK_SEARCH_PATHS = (
					"$(inherited)",
					"$(PROJECT_DIR)/Carthage/Build/iOS",
				);
				INFOPLIST_FILE = RxMVVMCTests/Info.plist;
				LD_RUNPATH_SEARCH_PATHS = (
					"$(inherited)",
					"@executable_path/Frameworks",
					"@loader_path/Frameworks",
				);
				PRODUCT_BUNDLE_IDENTIFIER = net.wasim.RxMVVMCTests;
				PRODUCT_NAME = "$(TARGET_NAME)";
				SWIFT_VERSION = 5.0;
				TARGETED_DEVICE_FAMILY = "1,2";
				TEST_HOST = "$(BUILT_PRODUCTS_DIR)/RxMVVMC.app/RxMVVMC";
			};
			name = Release;
		};
/* End XCBuildConfiguration section */

/* Begin XCConfigurationList section */
		5FC6BFD622A54B8700F17764 /* Build configuration list for PBXProject "RxMVVMC" */ = {
			isa = XCConfigurationList;
			buildConfigurations = (
				5FC6BFF622A54B8800F17764 /* Debug */,
				5FC6BFF722A54B8800F17764 /* Release */,
			);
			defaultConfigurationIsVisible = 0;
			defaultConfigurationName = Release;
		};
		5FC6BFF822A54B8800F17764 /* Build configuration list for PBXNativeTarget "RxMVVMC" */ = {
			isa = XCConfigurationList;
			buildConfigurations = (
				5FC6BFF922A54B8800F17764 /* Debug */,
				5FC6BFFA22A54B8800F17764 /* Release */,
			);
			defaultConfigurationIsVisible = 0;
			defaultConfigurationName = Release;
		};
		5FC6BFFB22A54B8800F17764 /* Build configuration list for PBXNativeTarget "RxMVVMCTests" */ = {
			isa = XCConfigurationList;
			buildConfigurations = (
				5FC6BFFC22A54B8800F17764 /* Debug */,
				5FC6BFFD22A54B8800F17764 /* Release */,
			);
			defaultConfigurationIsVisible = 0;
			defaultConfigurationName = Release;
		};
/* End XCConfigurationList section */
	};
	rootObject = 5FC6BFD322A54B8700F17764 /* Project object */;
}
