// !$*UTF8*$!
{
	archiveVersion = 1;
	classes = {
	};
	objectVersion = 51;
	objects = {

/* Begin PBXBuildFile section */
		5F32BC50232D880500A27899 /* AppDelegate.swift in Sources */ = {isa = PBXBuildFile; fileRef = 5F32BC4F232D880500A27899 /* AppDelegate.swift */; };
		5F32BC57232D880600A27899 /* Assets.xcassets in Resources */ = {isa = PBXBuildFile; fileRef = 5F32BC56232D880600A27899 /* Assets.xcassets */; };
		5F32BC5A232D880600A27899 /* LaunchScreen.storyboard in Resources */ = {isa = PBXBuildFile; fileRef = 5F32BC58232D880600A27899 /* LaunchScreen.storyboard */; };
		5F32BC65232D880600A27899 /* RxMVVMCTests.swift in Sources */ = {isa = PBXBuildFile; fileRef = 5F32BC64232D880600A27899 /* RxMVVMCTests.swift */; };
		5F32BC75232E095900A27899 /* PhotoGridViewController.swift in Sources */ = {isa = PBXBuildFile; fileRef = 5FC6C00F22A54D5A00F17764 /* PhotoGridViewController.swift */; };
		5F32BC76232E095E00A27899 /* PhotoDetailViewController.swift in Sources */ = {isa = PBXBuildFile; fileRef = 5FC6C00E22A54D5A00F17764 /* PhotoDetailViewController.swift */; };
		5F32BC77232E10FF00A27899 /* AppCoordinator.swift in Sources */ = {isa = PBXBuildFile; fileRef = 5FC6C01D22A54D5B00F17764 /* AppCoordinator.swift */; };
		5F32BC78232E110800A27899 /* PhotoGridCoordinator.swift in Sources */ = {isa = PBXBuildFile; fileRef = 5FC6C01E22A54D5B00F17764 /* PhotoGridCoordinator.swift */; };
		5F32BC7B232E150B00A27899 /* AppCoordinator.swift in Sources */ = {isa = PBXBuildFile; fileRef = 5F32BC7A232E150B00A27899 /* AppCoordinator.swift */; };
		5F32BC7D232E159C00A27899 /* PhotoGridCoordinator.swift in Sources */ = {isa = PBXBuildFile; fileRef = 5F32BC7C232E159C00A27899 /* PhotoGridCoordinator.swift */; };
		5F34495F23219EC00080AA99 /* RxMVVMCShared.framework in Frameworks */ = {isa = PBXBuildFile; fileRef = 5F34495623219EC00080AA99 /* RxMVVMCShared.framework */; };
		5F34496623219EC00080AA99 /* RxMVVMSharedTests.swift in Sources */ = {isa = PBXBuildFile; fileRef = 5F34496523219EC00080AA99 /* RxMVVMSharedTests.swift */; };
		5F34496823219EC00080AA99 /* RxMVVMShared.h in Headers */ = {isa = PBXBuildFile; fileRef = 5F34495823219EC00080AA99 /* RxMVVMShared.h */; settings = {ATTRIBUTES = (Public, ); }; };
		5F34496C23219EC00080AA99 /* RxMVVMCShared.framework in Embed Frameworks */ = {isa = PBXBuildFile; fileRef = 5F34495623219EC00080AA99 /* RxMVVMCShared.framework */; settings = {ATTRIBUTES = (CodeSignOnCopy, RemoveHeadersOnCopy, ); }; };
		5F3583F22327BE9600781F6F /* CGSize+Square.swift in Sources */ = {isa = PBXBuildFile; fileRef = 5F3583F12327BE9600781F6F /* CGSize+Square.swift */; };
		5F3B34972321A25500EF69F2 /* PhotoDownloadService.swift in Sources */ = {isa = PBXBuildFile; fileRef = 5F151448231FC4B200EEE9ED /* PhotoDownloadService.swift */; };
		5F3B34992321A84300EF69F2 /* Kingfisher.framework in Frameworks */ = {isa = PBXBuildFile; fileRef = 5F0DB865231F03340021B883 /* Kingfisher.framework */; };
		5F3B349A2321A84300EF69F2 /* ObjcExceptionBridging.framework in Frameworks */ = {isa = PBXBuildFile; fileRef = 5F0DB86A231F03E00021B883 /* ObjcExceptionBridging.framework */; };
		5F3B349C2321A84300EF69F2 /* RxBlocking.framework in Frameworks */ = {isa = PBXBuildFile; fileRef = 5F0DB86C231F03E00021B883 /* RxBlocking.framework */; };
		5F3B349D2321A84300EF69F2 /* RxCocoa.framework in Frameworks */ = {isa = PBXBuildFile; fileRef = 5F0DB86B231F03E00021B883 /* RxCocoa.framework */; };
		5F3B349E2321A84300EF69F2 /* RxGesture.framework in Frameworks */ = {isa = PBXBuildFile; fileRef = 5F0DB874231F07410021B883 /* RxGesture.framework */; };
		5F3B349F2321A84300EF69F2 /* RxSwift.framework in Frameworks */ = {isa = PBXBuildFile; fileRef = 5F0DB869231F03E00021B883 /* RxSwift.framework */; };
		5F3B34A02321A84300EF69F2 /* XCGLogger.framework in Frameworks */ = {isa = PBXBuildFile; fileRef = 5F0DB872231F03E50021B883 /* XCGLogger.framework */; };
		5F3B34A22321A97800EF69F2 /* Photo.swift in Sources */ = {isa = PBXBuildFile; fileRef = 5FC6C02322A54D5B00F17764 /* Photo.swift */; };
		5F3B34A32321ACBE00EF69F2 /* UIEdgeInsets+AllEdges.swift in Sources */ = {isa = PBXBuildFile; fileRef = 5FC6C01122A54D5A00F17764 /* UIEdgeInsets+AllEdges.swift */; };
		5F3B34A42321ACBE00EF69F2 /* UIView+Layout.swift in Sources */ = {isa = PBXBuildFile; fileRef = 5FC6C01322A54D5A00F17764 /* UIView+Layout.swift */; };
		5F3B34A52321ACBE00EF69F2 /* UIAlertController+ErrorAlert.swift in Sources */ = {isa = PBXBuildFile; fileRef = 5FC6C01422A54D5A00F17764 /* UIAlertController+ErrorAlert.swift */; };
		5F3B34A62321ACBE00EF69F2 /* URL+Endpoints.swift in Sources */ = {isa = PBXBuildFile; fileRef = 5F15144D231FE79800EEE9ED /* URL+Endpoints.swift */; };
		5F3B34A72321ACBE00EF69F2 /* Optional+Generic.swift in Sources */ = {isa = PBXBuildFile; fileRef = 5FC6C01622A54D5A00F17764 /* Optional+Generic.swift */; };
		5F3B34A82321ACBE00EF69F2 /* Array+Generic.swift in Sources */ = {isa = PBXBuildFile; fileRef = 5FC6C01722A54D5A00F17764 /* Array+Generic.swift */; };
		5F3B34A92321ACBE00EF69F2 /* CGSize+AllDimensions.swift in Sources */ = {isa = PBXBuildFile; fileRef = 5FC6C01922A54D5A00F17764 /* CGSize+AllDimensions.swift */; };
		5F3B34AA2321ACBE00EF69F2 /* ObservalType+Generic.swift in Sources */ = {isa = PBXBuildFile; fileRef = 5FC6C01B22A54D5A00F17764 /* ObservalType+Generic.swift */; };
		5F3B34AB2321AE5300EF69F2 /* LayoutConstants.swift in Sources */ = {isa = PBXBuildFile; fileRef = 5FC6C00222A54D5A00F17764 /* LayoutConstants.swift */; };
		5F3B34AC2321AE5300EF69F2 /* ViewCreator.swift in Sources */ = {isa = PBXBuildFile; fileRef = 5FC6C00322A54D5A00F17764 /* ViewCreator.swift */; };
		5F3B34AD2322258900EF69F2 /* PhotoGridViewModel.swift in Sources */ = {isa = PBXBuildFile; fileRef = 5FC6C00C22A54D5A00F17764 /* PhotoGridViewModel.swift */; };
		5F3B34AE2322258900EF69F2 /* LoadingView.swift in Sources */ = {isa = PBXBuildFile; fileRef = 5F151440231F9E3600EEE9ED /* LoadingView.swift */; };
		5F3B34AF2322258900EF69F2 /* GridCollectionView.swift in Sources */ = {isa = PBXBuildFile; fileRef = 5FC6C02522A54D5B00F17764 /* GridCollectionView.swift */; };
		5F3B34B02322258900EF69F2 /* PhotoGridCell.swift in Sources */ = {isa = PBXBuildFile; fileRef = 5FC6C02722A54D5B00F17764 /* PhotoGridCell.swift */; };
		5F3B34B12322258900EF69F2 /* ResuableView.swift in Sources */ = {isa = PBXBuildFile; fileRef = 5FC6C00522A54D5A00F17764 /* ResuableView.swift */; };
		5F3B34B22322258900EF69F2 /* Coordinatable.swift in Sources */ = {isa = PBXBuildFile; fileRef = 5FC6C00622A54D5A00F17764 /* Coordinatable.swift */; };
		5F511B842323055000AE415E /* EndPointLoader.framework in Frameworks */ = {isa = PBXBuildFile; fileRef = 5F511B832323055000AE415E /* EndPointLoader.framework */; };
		5F5481802323FA68000A38B0 /* UIColor+Constants.swift in Sources */ = {isa = PBXBuildFile; fileRef = 5F54817F2323FA68000A38B0 /* UIColor+Constants.swift */; };
		5F54818323244391000A38B0 /* DetailCollectionView.swift in Sources */ = {isa = PBXBuildFile; fileRef = 5F54818123244384000A38B0 /* DetailCollectionView.swift */; };
		5F54818723244499000A38B0 /* DetailCollectionViewLayout.swift in Sources */ = {isa = PBXBuildFile; fileRef = 5F54818623244499000A38B0 /* DetailCollectionViewLayout.swift */; };
		5F5481892324480A000A38B0 /* PhotoDetailCell.swift in Sources */ = {isa = PBXBuildFile; fileRef = 5F5481882324480A000A38B0 /* PhotoDetailCell.swift */; };
		5F54818C23244E9D000A38B0 /* PhotoViewerScrollView.swift in Sources */ = {isa = PBXBuildFile; fileRef = 5F54818B23244E9D000A38B0 /* PhotoViewerScrollView.swift */; };
		5F54818E2324579C000A38B0 /* PhotoDetailViewModel.swift in Sources */ = {isa = PBXBuildFile; fileRef = 5F54818D2324579B000A38B0 /* PhotoDetailViewModel.swift */; };
		5F54819023246338000A38B0 /* UICollectionView+Generic.swift in Sources */ = {isa = PBXBuildFile; fileRef = 5F54818F23246338000A38B0 /* UICollectionView+Generic.swift */; };
		5F54819223246400000A38B0 /* Optional+Required.swift in Sources */ = {isa = PBXBuildFile; fileRef = 5F54819123246400000A38B0 /* Optional+Required.swift */; };
		5F7A6D9323258CF9008FC28C /* ZoomCalculator.swift in Sources */ = {isa = PBXBuildFile; fileRef = 5F7A6D9123258A7F008FC28C /* ZoomCalculator.swift */; };
		5F98FF9A232E30E500A1AC5D /* BaseAppDelegate.swift in Sources */ = {isa = PBXBuildFile; fileRef = 5F98FF99232E30E500A1AC5D /* BaseAppDelegate.swift */; };
		5F98FF9C232E393C00A1AC5D /* BaseAppDelegate.swift in Sources */ = {isa = PBXBuildFile; fileRef = 5F98FF99232E30E500A1AC5D /* BaseAppDelegate.swift */; };
		5F98FF9D232E393D00A1AC5D /* BaseAppDelegate.swift in Sources */ = {isa = PBXBuildFile; fileRef = 5F98FF99232E30E500A1AC5D /* BaseAppDelegate.swift */; };
		5F98FFA0232E3CC300A1AC5D /* PhotoGridPhoneViewModel.swift in Sources */ = {isa = PBXBuildFile; fileRef = 5F98FF9F232E3CC300A1AC5D /* PhotoGridPhoneViewModel.swift */; };
		5F98FFA3232E48F300A1AC5D /* RxMVVMCShared.framework in Frameworks */ = {isa = PBXBuildFile; fileRef = 5F34495623219EC00080AA99 /* RxMVVMCShared.framework */; };
		5F98FFA4232E48F300A1AC5D /* RxMVVMCShared.framework in Embed Frameworks */ = {isa = PBXBuildFile; fileRef = 5F34495623219EC00080AA99 /* RxMVVMCShared.framework */; settings = {ATTRIBUTES = (CodeSignOnCopy, RemoveHeadersOnCopy, ); }; };
		5F98FFA8232E5F8500A1AC5D /* PhotoGridPadViewModel.swift in Sources */ = {isa = PBXBuildFile; fileRef = 5F98FFA7232E5F8500A1AC5D /* PhotoGridPadViewModel.swift */; };
		5F98FFAA232E625400A1AC5D /* ItemSizeCalculator.swift in Sources */ = {isa = PBXBuildFile; fileRef = 5F98FFA9232E625400A1AC5D /* ItemSizeCalculator.swift */; };
		5F98FFAC232E743A00A1AC5D /* PhotoGridPhoneCell.swift in Sources */ = {isa = PBXBuildFile; fileRef = 5F98FFAB232E743A00A1AC5D /* PhotoGridPhoneCell.swift */; };
		5F98FFB0232E7AA300A1AC5D /* PhotoGridPhoneViewController.swift in Sources */ = {isa = PBXBuildFile; fileRef = 5F98FFAF232E7AA300A1AC5D /* PhotoGridPhoneViewController.swift */; };
		5F98FFB4232EA28000A1AC5D /* PhotoGridPadViewModelTests.swift in Sources */ = {isa = PBXBuildFile; fileRef = 5F98FFB3232EA28000A1AC5D /* PhotoGridPadViewModelTests.swift */; };
		5F98FFB7232EA45D00A1AC5D /* PhotoGridPhoneViewModelTests.swift in Sources */ = {isa = PBXBuildFile; fileRef = 5F98FFB6232EA45D00A1AC5D /* PhotoGridPhoneViewModelTests.swift */; };
		5FAC16A323280D8000468A27 /* PhotoDownloadServiceMock.swift in Sources */ = {isa = PBXBuildFile; fileRef = 5FAC16A223280D8000468A27 /* PhotoDownloadServiceMock.swift */; };
		5FC6BFDF22A54B8800F17764 /* AppDelegate.swift in Sources */ = {isa = PBXBuildFile; fileRef = 5FC6BFDE22A54B8800F17764 /* AppDelegate.swift */; };
		5FC6BFF422A54B8800F17764 /* RxMVVMCTests.swift in Sources */ = {isa = PBXBuildFile; fileRef = 5FC6BFF322A54B8800F17764 /* RxMVVMCTests.swift */; };
		5FC6C02D22A54D5B00F17764 /* Assets.xcassets in Resources */ = {isa = PBXBuildFile; fileRef = 5FC6C00822A54D5A00F17764 /* Assets.xcassets */; };
		5FC6C04022A54E8900F17764 /* LaunchScreen.storyboard in Resources */ = {isa = PBXBuildFile; fileRef = 5FC6C03F22A54E8900F17764 /* LaunchScreen.storyboard */; };
		5FDF41A22327B898004FF002 /* PhotoGridViewModelTests.swift in Sources */ = {isa = PBXBuildFile; fileRef = 5FDF41A02327B881004FF002 /* PhotoGridViewModelTests.swift */; };
		5FFA894323269AB700C44406 /* Logger.swift in Sources */ = {isa = PBXBuildFile; fileRef = 5FFA89412326985F00C44406 /* Logger.swift */; };
		5FFA894523269CA200C44406 /* Error+LocalizedMessage.swift in Sources */ = {isa = PBXBuildFile; fileRef = 5FFA894423269CA200C44406 /* Error+LocalizedMessage.swift */; };
/* End PBXBuildFile section */

/* Begin PBXContainerItemProxy section */
		5F32BC61232D880600A27899 /* PBXContainerItemProxy */ = {
			isa = PBXContainerItemProxy;
			containerPortal = 5FC6BFD322A54B8700F17764 /* Project object */;
			proxyType = 1;
			remoteGlobalIDString = 5F32BC4C232D880500A27899;
			remoteInfo = RxMVVMC;
		};
		5F34496023219EC00080AA99 /* PBXContainerItemProxy */ = {
			isa = PBXContainerItemProxy;
			containerPortal = 5FC6BFD322A54B8700F17764 /* Project object */;
			proxyType = 1;
			remoteGlobalIDString = 5F34495523219EC00080AA99;
			remoteInfo = RxMVVMShared;
		};
		5F34496223219EC00080AA99 /* PBXContainerItemProxy */ = {
			isa = PBXContainerItemProxy;
			containerPortal = 5FC6BFD322A54B8700F17764 /* Project object */;
			proxyType = 1;
			remoteGlobalIDString = 5FC6BFDA22A54B8700F17764;
			remoteInfo = RxMVVMC;
		};
		5F34496923219EC00080AA99 /* PBXContainerItemProxy */ = {
			isa = PBXContainerItemProxy;
			containerPortal = 5FC6BFD322A54B8700F17764 /* Project object */;
			proxyType = 1;
			remoteGlobalIDString = 5F34495523219EC00080AA99;
			remoteInfo = RxMVVMShared;
		};
		5F98FFA1232E48CF00A1AC5D /* PBXContainerItemProxy */ = {
			isa = PBXContainerItemProxy;
			containerPortal = 5FC6BFD322A54B8700F17764 /* Project object */;
			proxyType = 1;
			remoteGlobalIDString = 5F34495523219EC00080AA99;
			remoteInfo = RxMVVMCShared;
		};
		5FC6BFF022A54B8800F17764 /* PBXContainerItemProxy */ = {
			isa = PBXContainerItemProxy;
			containerPortal = 5FC6BFD322A54B8700F17764 /* Project object */;
			proxyType = 1;
			remoteGlobalIDString = 5FC6BFDA22A54B8700F17764;
			remoteInfo = RxMVVMC;
		};
/* End PBXContainerItemProxy section */

/* Begin PBXCopyFilesBuildPhase section */
		5F15149F232125DA00EEE9ED /* Embed Frameworks */ = {
			isa = PBXCopyFilesBuildPhase;
			buildActionMask = 2147483647;
			dstPath = "";
			dstSubfolderSpec = 10;
			files = (
				5F34496C23219EC00080AA99 /* RxMVVMCShared.framework in Embed Frameworks */,
			);
			name = "Embed Frameworks";
			runOnlyForDeploymentPostprocessing = 0;
		};
		5F98FFA5232E48F300A1AC5D /* Embed Frameworks */ = {
			isa = PBXCopyFilesBuildPhase;
			buildActionMask = 2147483647;
			dstPath = "";
			dstSubfolderSpec = 10;
			files = (
				5F98FFA4232E48F300A1AC5D /* RxMVVMCShared.framework in Embed Frameworks */,
			);
			name = "Embed Frameworks";
			runOnlyForDeploymentPostprocessing = 0;
		};
/* End PBXCopyFilesBuildPhase section */

/* Begin PBXFileReference section */
		5F0DB865231F03340021B883 /* Kingfisher.framework */ = {isa = PBXFileReference; lastKnownFileType = wrapper.framework; name = Kingfisher.framework; path = Carthage/Build/iOS/Kingfisher.framework; sourceTree = "<group>"; };
		5F0DB868231F03E00021B883 /* RxAtomic.framework */ = {isa = PBXFileReference; lastKnownFileType = wrapper.framework; name = RxAtomic.framework; path = Carthage/Build/iOS/RxAtomic.framework; sourceTree = "<group>"; };
		5F0DB869231F03E00021B883 /* RxSwift.framework */ = {isa = PBXFileReference; lastKnownFileType = wrapper.framework; name = RxSwift.framework; path = Carthage/Build/iOS/RxSwift.framework; sourceTree = "<group>"; };
		5F0DB86A231F03E00021B883 /* ObjcExceptionBridging.framework */ = {isa = PBXFileReference; lastKnownFileType = wrapper.framework; name = ObjcExceptionBridging.framework; path = Carthage/Build/iOS/ObjcExceptionBridging.framework; sourceTree = "<group>"; };
		5F0DB86B231F03E00021B883 /* RxCocoa.framework */ = {isa = PBXFileReference; lastKnownFileType = wrapper.framework; name = RxCocoa.framework; path = Carthage/Build/iOS/RxCocoa.framework; sourceTree = "<group>"; };
		5F0DB86C231F03E00021B883 /* RxBlocking.framework */ = {isa = PBXFileReference; lastKnownFileType = wrapper.framework; name = RxBlocking.framework; path = Carthage/Build/iOS/RxBlocking.framework; sourceTree = "<group>"; };
		5F0DB872231F03E50021B883 /* XCGLogger.framework */ = {isa = PBXFileReference; lastKnownFileType = wrapper.framework; name = XCGLogger.framework; path = Carthage/Build/iOS/XCGLogger.framework; sourceTree = "<group>"; };
		5F0DB874231F07410021B883 /* RxGesture.framework */ = {isa = PBXFileReference; lastKnownFileType = wrapper.framework; name = RxGesture.framework; path = Carthage/Build/iOS/RxGesture.framework; sourceTree = "<group>"; };
		5F151440231F9E3600EEE9ED /* LoadingView.swift */ = {isa = PBXFileReference; lastKnownFileType = sourcecode.swift; path = LoadingView.swift; sourceTree = "<group>"; };
		5F151448231FC4B200EEE9ED /* PhotoDownloadService.swift */ = {isa = PBXFileReference; lastKnownFileType = sourcecode.swift; path = PhotoDownloadService.swift; sourceTree = "<group>"; };
		5F15144D231FE79800EEE9ED /* URL+Endpoints.swift */ = {isa = PBXFileReference; fileEncoding = 4; lastKnownFileType = sourcecode.swift; path = "URL+Endpoints.swift"; sourceTree = "<group>"; };
		5F15147C23205E3D00EEE9ED /* Crashlytics.framework */ = {isa = PBXFileReference; lastKnownFileType = wrapper.framework; name = Crashlytics.framework; path = Frameworks/Crashlytics.framework; sourceTree = "<group>"; };
		5F32BC4D232D880500A27899 /* RxMVVMC.app */ = {isa = PBXFileReference; explicitFileType = wrapper.application; includeInIndex = 0; path = RxMVVMC.app; sourceTree = BUILT_PRODUCTS_DIR; };
		5F32BC4F232D880500A27899 /* AppDelegate.swift */ = {isa = PBXFileReference; lastKnownFileType = sourcecode.swift; name = AppDelegate.swift; path = ../AppDelegate.swift; sourceTree = "<group>"; };
		5F32BC56232D880600A27899 /* Assets.xcassets */ = {isa = PBXFileReference; lastKnownFileType = folder.assetcatalog; path = Assets.xcassets; sourceTree = "<group>"; };
		5F32BC59232D880600A27899 /* Base */ = {isa = PBXFileReference; lastKnownFileType = file.storyboard; name = Base; path = Base.lproj/LaunchScreen.storyboard; sourceTree = "<group>"; };
		5F32BC5B232D880600A27899 /* Info.plist */ = {isa = PBXFileReference; lastKnownFileType = text.plist.xml; path = Info.plist; sourceTree = "<group>"; };
		5F32BC60232D880600A27899 /* RxMVVMCTests.xctest */ = {isa = PBXFileReference; explicitFileType = wrapper.cfbundle; includeInIndex = 0; path = RxMVVMCTests.xctest; sourceTree = BUILT_PRODUCTS_DIR; };
		5F32BC64232D880600A27899 /* RxMVVMCTests.swift */ = {isa = PBXFileReference; lastKnownFileType = sourcecode.swift; path = RxMVVMCTests.swift; sourceTree = "<group>"; };
		5F32BC66232D880600A27899 /* Info.plist */ = {isa = PBXFileReference; lastKnownFileType = text.plist.xml; path = Info.plist; sourceTree = "<group>"; };
		5F32BC7A232E150B00A27899 /* AppCoordinator.swift */ = {isa = PBXFileReference; lastKnownFileType = sourcecode.swift; path = AppCoordinator.swift; sourceTree = "<group>"; };
		5F32BC7C232E159C00A27899 /* PhotoGridCoordinator.swift */ = {isa = PBXFileReference; lastKnownFileType = sourcecode.swift; path = PhotoGridCoordinator.swift; sourceTree = "<group>"; };
		5F34495623219EC00080AA99 /* RxMVVMCShared.framework */ = {isa = PBXFileReference; explicitFileType = wrapper.framework; includeInIndex = 0; path = RxMVVMCShared.framework; sourceTree = BUILT_PRODUCTS_DIR; };
		5F34495823219EC00080AA99 /* RxMVVMShared.h */ = {isa = PBXFileReference; lastKnownFileType = sourcecode.c.h; path = RxMVVMShared.h; sourceTree = "<group>"; };
		5F34495923219EC00080AA99 /* Info.plist */ = {isa = PBXFileReference; lastKnownFileType = text.plist.xml; path = Info.plist; sourceTree = "<group>"; };
		5F34495E23219EC00080AA99 /* RxMVVMCSharedTests.xctest */ = {isa = PBXFileReference; explicitFileType = wrapper.cfbundle; includeInIndex = 0; path = RxMVVMCSharedTests.xctest; sourceTree = BUILT_PRODUCTS_DIR; };
		5F34496523219EC00080AA99 /* RxMVVMSharedTests.swift */ = {isa = PBXFileReference; lastKnownFileType = sourcecode.swift; path = RxMVVMSharedTests.swift; sourceTree = "<group>"; };
		5F34496723219EC00080AA99 /* Info.plist */ = {isa = PBXFileReference; lastKnownFileType = text.plist.xml; path = Info.plist; sourceTree = "<group>"; };
		5F3583F12327BE9600781F6F /* CGSize+Square.swift */ = {isa = PBXFileReference; lastKnownFileType = sourcecode.swift; path = "CGSize+Square.swift"; sourceTree = "<group>"; };
		5F511B832323055000AE415E /* EndPointLoader.framework */ = {isa = PBXFileReference; lastKnownFileType = wrapper.framework; name = EndPointLoader.framework; path = Carthage/Build/iOS/EndPointLoader.framework; sourceTree = "<group>"; };
		5F54817F2323FA68000A38B0 /* UIColor+Constants.swift */ = {isa = PBXFileReference; fileEncoding = 4; lastKnownFileType = sourcecode.swift; path = "UIColor+Constants.swift"; sourceTree = "<group>"; };
		5F54818123244384000A38B0 /* DetailCollectionView.swift */ = {isa = PBXFileReference; lastKnownFileType = sourcecode.swift; path = DetailCollectionView.swift; sourceTree = "<group>"; };
		5F54818623244499000A38B0 /* DetailCollectionViewLayout.swift */ = {isa = PBXFileReference; lastKnownFileType = sourcecode.swift; path = DetailCollectionViewLayout.swift; sourceTree = "<group>"; };
		5F5481882324480A000A38B0 /* PhotoDetailCell.swift */ = {isa = PBXFileReference; lastKnownFileType = sourcecode.swift; path = PhotoDetailCell.swift; sourceTree = "<group>"; };
		5F54818B23244E9D000A38B0 /* PhotoViewerScrollView.swift */ = {isa = PBXFileReference; lastKnownFileType = sourcecode.swift; path = PhotoViewerScrollView.swift; sourceTree = "<group>"; };
		5F54818D2324579B000A38B0 /* PhotoDetailViewModel.swift */ = {isa = PBXFileReference; lastKnownFileType = sourcecode.swift; path = PhotoDetailViewModel.swift; sourceTree = "<group>"; };
		5F54818F23246338000A38B0 /* UICollectionView+Generic.swift */ = {isa = PBXFileReference; lastKnownFileType = sourcecode.swift; path = "UICollectionView+Generic.swift"; sourceTree = "<group>"; };
		5F54819123246400000A38B0 /* Optional+Required.swift */ = {isa = PBXFileReference; lastKnownFileType = sourcecode.swift; path = "Optional+Required.swift"; sourceTree = "<group>"; };
		5F7A6D9123258A7F008FC28C /* ZoomCalculator.swift */ = {isa = PBXFileReference; lastKnownFileType = sourcecode.swift; path = ZoomCalculator.swift; sourceTree = "<group>"; };
		5F98FF99232E30E500A1AC5D /* BaseAppDelegate.swift */ = {isa = PBXFileReference; lastKnownFileType = sourcecode.swift; path = BaseAppDelegate.swift; sourceTree = "<group>"; };
		5F98FF9F232E3CC300A1AC5D /* PhotoGridPhoneViewModel.swift */ = {isa = PBXFileReference; lastKnownFileType = sourcecode.swift; path = PhotoGridPhoneViewModel.swift; sourceTree = "<group>"; };
		5F98FFA7232E5F8500A1AC5D /* PhotoGridPadViewModel.swift */ = {isa = PBXFileReference; lastKnownFileType = sourcecode.swift; path = PhotoGridPadViewModel.swift; sourceTree = "<group>"; };
		5F98FFA9232E625400A1AC5D /* ItemSizeCalculator.swift */ = {isa = PBXFileReference; lastKnownFileType = sourcecode.swift; path = ItemSizeCalculator.swift; sourceTree = "<group>"; };
		5F98FFAB232E743A00A1AC5D /* PhotoGridPhoneCell.swift */ = {isa = PBXFileReference; lastKnownFileType = sourcecode.swift; path = PhotoGridPhoneCell.swift; sourceTree = "<group>"; };
		5F98FFAF232E7AA300A1AC5D /* PhotoGridPhoneViewController.swift */ = {isa = PBXFileReference; lastKnownFileType = sourcecode.swift; path = PhotoGridPhoneViewController.swift; sourceTree = "<group>"; };
		5F98FFB3232EA28000A1AC5D /* PhotoGridPadViewModelTests.swift */ = {isa = PBXFileReference; lastKnownFileType = sourcecode.swift; path = PhotoGridPadViewModelTests.swift; sourceTree = "<group>"; };
		5F98FFB6232EA45D00A1AC5D /* PhotoGridPhoneViewModelTests.swift */ = {isa = PBXFileReference; lastKnownFileType = sourcecode.swift; path = PhotoGridPhoneViewModelTests.swift; sourceTree = "<group>"; };
		5FAC16A223280D8000468A27 /* PhotoDownloadServiceMock.swift */ = {isa = PBXFileReference; lastKnownFileType = sourcecode.swift; path = PhotoDownloadServiceMock.swift; sourceTree = "<group>"; };
		5FC6BFDB22A54B8700F17764 /* RxMVVMC-iPad.app */ = {isa = PBXFileReference; explicitFileType = wrapper.application; includeInIndex = 0; path = "RxMVVMC-iPad.app"; sourceTree = BUILT_PRODUCTS_DIR; };
		5FC6BFDE22A54B8800F17764 /* AppDelegate.swift */ = {isa = PBXFileReference; lastKnownFileType = sourcecode.swift; path = AppDelegate.swift; sourceTree = "<group>"; };
		5FC6BFEA22A54B8800F17764 /* Info.plist */ = {isa = PBXFileReference; lastKnownFileType = text.plist.xml; path = Info.plist; sourceTree = "<group>"; };
		5FC6BFEF22A54B8800F17764 /* RxMVVMCTests-iPad.xctest */ = {isa = PBXFileReference; explicitFileType = wrapper.cfbundle; includeInIndex = 0; path = "RxMVVMCTests-iPad.xctest"; sourceTree = BUILT_PRODUCTS_DIR; };
		5FC6BFF322A54B8800F17764 /* RxMVVMCTests.swift */ = {isa = PBXFileReference; lastKnownFileType = sourcecode.swift; path = RxMVVMCTests.swift; sourceTree = "<group>"; };
		5FC6BFF522A54B8800F17764 /* Info.plist */ = {isa = PBXFileReference; lastKnownFileType = text.plist.xml; path = Info.plist; sourceTree = "<group>"; };
		5FC6C00222A54D5A00F17764 /* LayoutConstants.swift */ = {isa = PBXFileReference; fileEncoding = 4; lastKnownFileType = sourcecode.swift; path = LayoutConstants.swift; sourceTree = "<group>"; };
		5FC6C00322A54D5A00F17764 /* ViewCreator.swift */ = {isa = PBXFileReference; fileEncoding = 4; lastKnownFileType = sourcecode.swift; path = ViewCreator.swift; sourceTree = "<group>"; };
		5FC6C00522A54D5A00F17764 /* ResuableView.swift */ = {isa = PBXFileReference; fileEncoding = 4; lastKnownFileType = sourcecode.swift; path = ResuableView.swift; sourceTree = "<group>"; };
		5FC6C00622A54D5A00F17764 /* Coordinatable.swift */ = {isa = PBXFileReference; fileEncoding = 4; lastKnownFileType = sourcecode.swift; path = Coordinatable.swift; sourceTree = "<group>"; };
		5FC6C00822A54D5A00F17764 /* Assets.xcassets */ = {isa = PBXFileReference; lastKnownFileType = folder.assetcatalog; path = Assets.xcassets; sourceTree = "<group>"; };
		5FC6C00C22A54D5A00F17764 /* PhotoGridViewModel.swift */ = {isa = PBXFileReference; fileEncoding = 4; lastKnownFileType = sourcecode.swift; path = PhotoGridViewModel.swift; sourceTree = "<group>"; };
		5FC6C00E22A54D5A00F17764 /* PhotoDetailViewController.swift */ = {isa = PBXFileReference; fileEncoding = 4; lastKnownFileType = sourcecode.swift; path = PhotoDetailViewController.swift; sourceTree = "<group>"; };
		5FC6C00F22A54D5A00F17764 /* PhotoGridViewController.swift */ = {isa = PBXFileReference; fileEncoding = 4; lastKnownFileType = sourcecode.swift; path = PhotoGridViewController.swift; sourceTree = "<group>"; };
		5FC6C01122A54D5A00F17764 /* UIEdgeInsets+AllEdges.swift */ = {isa = PBXFileReference; fileEncoding = 4; lastKnownFileType = sourcecode.swift; path = "UIEdgeInsets+AllEdges.swift"; sourceTree = "<group>"; };
		5FC6C01322A54D5A00F17764 /* UIView+Layout.swift */ = {isa = PBXFileReference; fileEncoding = 4; lastKnownFileType = sourcecode.swift; path = "UIView+Layout.swift"; sourceTree = "<group>"; };
		5FC6C01422A54D5A00F17764 /* UIAlertController+ErrorAlert.swift */ = {isa = PBXFileReference; fileEncoding = 4; lastKnownFileType = sourcecode.swift; path = "UIAlertController+ErrorAlert.swift"; sourceTree = "<group>"; };
		5FC6C01622A54D5A00F17764 /* Optional+Generic.swift */ = {isa = PBXFileReference; fileEncoding = 4; lastKnownFileType = sourcecode.swift; path = "Optional+Generic.swift"; sourceTree = "<group>"; };
		5FC6C01722A54D5A00F17764 /* Array+Generic.swift */ = {isa = PBXFileReference; fileEncoding = 4; lastKnownFileType = sourcecode.swift; path = "Array+Generic.swift"; sourceTree = "<group>"; };
		5FC6C01922A54D5A00F17764 /* CGSize+AllDimensions.swift */ = {isa = PBXFileReference; fileEncoding = 4; lastKnownFileType = sourcecode.swift; path = "CGSize+AllDimensions.swift"; sourceTree = "<group>"; };
		5FC6C01B22A54D5A00F17764 /* ObservalType+Generic.swift */ = {isa = PBXFileReference; fileEncoding = 4; lastKnownFileType = sourcecode.swift; path = "ObservalType+Generic.swift"; sourceTree = "<group>"; };
		5FC6C01D22A54D5B00F17764 /* AppCoordinator.swift */ = {isa = PBXFileReference; fileEncoding = 4; lastKnownFileType = sourcecode.swift; path = AppCoordinator.swift; sourceTree = "<group>"; };
		5FC6C01E22A54D5B00F17764 /* PhotoGridCoordinator.swift */ = {isa = PBXFileReference; fileEncoding = 4; lastKnownFileType = sourcecode.swift; path = PhotoGridCoordinator.swift; sourceTree = "<group>"; };
		5FC6C02322A54D5B00F17764 /* Photo.swift */ = {isa = PBXFileReference; fileEncoding = 4; lastKnownFileType = sourcecode.swift; path = Photo.swift; sourceTree = "<group>"; };
		5FC6C02522A54D5B00F17764 /* GridCollectionView.swift */ = {isa = PBXFileReference; fileEncoding = 4; lastKnownFileType = sourcecode.swift; path = GridCollectionView.swift; sourceTree = "<group>"; };
		5FC6C02722A54D5B00F17764 /* PhotoGridCell.swift */ = {isa = PBXFileReference; fileEncoding = 4; lastKnownFileType = sourcecode.swift; path = PhotoGridCell.swift; sourceTree = "<group>"; };
		5FC6C03F22A54E8900F17764 /* LaunchScreen.storyboard */ = {isa = PBXFileReference; lastKnownFileType = file.storyboard; path = LaunchScreen.storyboard; sourceTree = "<group>"; };
		5FDF41A02327B881004FF002 /* PhotoGridViewModelTests.swift */ = {isa = PBXFileReference; lastKnownFileType = sourcecode.swift; path = PhotoGridViewModelTests.swift; sourceTree = "<group>"; };
		5FFA89412326985F00C44406 /* Logger.swift */ = {isa = PBXFileReference; lastKnownFileType = sourcecode.swift; path = Logger.swift; sourceTree = "<group>"; };
		5FFA894423269CA200C44406 /* Error+LocalizedMessage.swift */ = {isa = PBXFileReference; lastKnownFileType = sourcecode.swift; path = "Error+LocalizedMessage.swift"; sourceTree = "<group>"; };
/* End PBXFileReference section */

/* Begin PBXFrameworksBuildPhase section */
		5F32BC4A232D880500A27899 /* Frameworks */ = {
			isa = PBXFrameworksBuildPhase;
			buildActionMask = 2147483647;
			files = (
				5F98FFA3232E48F300A1AC5D /* RxMVVMCShared.framework in Frameworks */,
			);
			runOnlyForDeploymentPostprocessing = 0;
		};
		5F32BC5D232D880600A27899 /* Frameworks */ = {
			isa = PBXFrameworksBuildPhase;
			buildActionMask = 2147483647;
			files = (
			);
			runOnlyForDeploymentPostprocessing = 0;
		};
		5F34495323219EC00080AA99 /* Frameworks */ = {
			isa = PBXFrameworksBuildPhase;
			buildActionMask = 2147483647;
			files = (
				5F511B842323055000AE415E /* EndPointLoader.framework in Frameworks */,
				5F3B34992321A84300EF69F2 /* Kingfisher.framework in Frameworks */,
				5F3B349A2321A84300EF69F2 /* ObjcExceptionBridging.framework in Frameworks */,
				5F3B349C2321A84300EF69F2 /* RxBlocking.framework in Frameworks */,
				5F3B349D2321A84300EF69F2 /* RxCocoa.framework in Frameworks */,
				5F3B349E2321A84300EF69F2 /* RxGesture.framework in Frameworks */,
				5F3B349F2321A84300EF69F2 /* RxSwift.framework in Frameworks */,
				5F3B34A02321A84300EF69F2 /* XCGLogger.framework in Frameworks */,
			);
			runOnlyForDeploymentPostprocessing = 0;
		};
		5F34495B23219EC00080AA99 /* Frameworks */ = {
			isa = PBXFrameworksBuildPhase;
			buildActionMask = 2147483647;
			files = (
				5F34495F23219EC00080AA99 /* RxMVVMCShared.framework in Frameworks */,
			);
			runOnlyForDeploymentPostprocessing = 0;
		};
		5FC6BFD822A54B8700F17764 /* Frameworks */ = {
			isa = PBXFrameworksBuildPhase;
			buildActionMask = 2147483647;
			files = (
			);
			runOnlyForDeploymentPostprocessing = 0;
		};
		5FC6BFEC22A54B8800F17764 /* Frameworks */ = {
			isa = PBXFrameworksBuildPhase;
			buildActionMask = 2147483647;
			files = (
			);
			runOnlyForDeploymentPostprocessing = 0;
		};
/* End PBXFrameworksBuildPhase section */

/* Begin PBXGroup section */
		5F0DB864231F03340021B883 /* Frameworks */ = {
			isa = PBXGroup;
			children = (
				5F511B832323055000AE415E /* EndPointLoader.framework */,
				5F15147C23205E3D00EEE9ED /* Crashlytics.framework */,
				5F0DB874231F07410021B883 /* RxGesture.framework */,
				5F0DB872231F03E50021B883 /* XCGLogger.framework */,
				5F0DB86A231F03E00021B883 /* ObjcExceptionBridging.framework */,
				5F0DB868231F03E00021B883 /* RxAtomic.framework */,
				5F0DB86C231F03E00021B883 /* RxBlocking.framework */,
				5F0DB86B231F03E00021B883 /* RxCocoa.framework */,
				5F0DB869231F03E00021B883 /* RxSwift.framework */,
				5F0DB865231F03340021B883 /* Kingfisher.framework */,
			);
			name = Frameworks;
			sourceTree = "<group>";
		};
		5F151444231FA6D800EEE9ED /* Custom */ = {
			isa = PBXGroup;
			children = (
				5F151440231F9E3600EEE9ED /* LoadingView.swift */,
			);
			path = Custom;
			sourceTree = "<group>";
		};
		5F151445231FBFED00EEE9ED /* Services */ = {
			isa = PBXGroup;
			children = (
				5F151448231FC4B200EEE9ED /* PhotoDownloadService.swift */,
			);
			path = Services;
			sourceTree = "<group>";
		};
		5F32BC4E232D880500A27899 /* RxMVVMC */ = {
			isa = PBXGroup;
			children = (
				5F32BC6D232D887100A27899 /* Application */,
				5F32BC79232E14F800A27899 /* Coordinatore */,
				5F32BC6F232D8BA200A27899 /* ViewControllers */,
				5F98FF9E232E3CA100A1AC5D /* ViewModel */,
				5F98FFAD232E7A0600A1AC5D /* Views */,
				5F32BC6E232D8B4E00A27899 /* Resources */,
			);
			path = RxMVVMC;
			sourceTree = "<group>";
		};
		5F32BC63232D880600A27899 /* RxMVVMCTests */ = {
			isa = PBXGroup;
			children = (
				5F98FFB5232EA42F00A1AC5D /* ViewModels */,
				5F32BC64232D880600A27899 /* RxMVVMCTests.swift */,
				5F32BC66232D880600A27899 /* Info.plist */,
			);
			path = RxMVVMCTests;
			sourceTree = "<group>";
		};
		5F32BC6D232D887100A27899 /* Application */ = {
			isa = PBXGroup;
			children = (
				5F32BC4F232D880500A27899 /* AppDelegate.swift */,
				5F32BC5B232D880600A27899 /* Info.plist */,
			);
			path = Application;
			sourceTree = "<group>";
		};
		5F32BC6E232D8B4E00A27899 /* Resources */ = {
			isa = PBXGroup;
			children = (
				5F32BC58232D880600A27899 /* LaunchScreen.storyboard */,
				5F32BC56232D880600A27899 /* Assets.xcassets */,
			);
			path = Resources;
			sourceTree = "<group>";
		};
		5F32BC6F232D8BA200A27899 /* ViewControllers */ = {
			isa = PBXGroup;
			children = (
				5F98FFAF232E7AA300A1AC5D /* PhotoGridPhoneViewController.swift */,
			);
			path = ViewControllers;
			sourceTree = "<group>";
		};
		5F32BC79232E14F800A27899 /* Coordinatore */ = {
			isa = PBXGroup;
			children = (
				5F32BC7A232E150B00A27899 /* AppCoordinator.swift */,
				5F32BC7C232E159C00A27899 /* PhotoGridCoordinator.swift */,
			);
			path = Coordinatore;
			sourceTree = "<group>";
		};
		5F34495723219EC00080AA99 /* RxMVVMCShared */ = {
			isa = PBXGroup;
			children = (
				5F98FF98232E30C900A1AC5D /* Application */,
				5FC6C00D22A54D5A00F17764 /* Controllers */,
				5FC6C00B22A54D5A00F17764 /* ViewModels */,
				5FC6C02422A54D5B00F17764 /* Views */,
				5FC6C02222A54D5B00F17764 /* Models */,
				5F151445231FBFED00EEE9ED /* Services */,
				5FC6C01022A54D5A00F17764 /* Extensions */,
				5FC6C00422A54D5A00F17764 /* Protocols */,
				5FC6C00122A54D5A00F17764 /* Helpers */,
				5F34495823219EC00080AA99 /* RxMVVMShared.h */,
				5F34495923219EC00080AA99 /* Info.plist */,
			);
			path = RxMVVMCShared;
			sourceTree = "<group>";
		};
		5F34496423219EC00080AA99 /* RxMVVMCSharedTests */ = {
			isa = PBXGroup;
			children = (
				5FAC16A123280D5800468A27 /* Mocks */,
				5FDF419F2327B7B8004FF002 /* ViewModels */,
				5F34496523219EC00080AA99 /* RxMVVMSharedTests.swift */,
				5F34496723219EC00080AA99 /* Info.plist */,
			);
			path = RxMVVMCSharedTests;
			sourceTree = "<group>";
		};
		5F5481842324444F000A38B0 /* FlowLayout */ = {
			isa = PBXGroup;
			children = (
				5F54818623244499000A38B0 /* DetailCollectionViewLayout.swift */,
			);
			path = FlowLayout;
			sourceTree = "<group>";
		};
		5F54818523244460000A38B0 /* CollectionView */ = {
			isa = PBXGroup;
			children = (
				5FC6C02522A54D5B00F17764 /* GridCollectionView.swift */,
				5F54818123244384000A38B0 /* DetailCollectionView.swift */,
			);
			path = CollectionView;
			sourceTree = "<group>";
		};
		5F54818A23244E6D000A38B0 /* ScrollView */ = {
			isa = PBXGroup;
			children = (
				5F54818B23244E9D000A38B0 /* PhotoViewerScrollView.swift */,
			);
			path = ScrollView;
			sourceTree = "<group>";
		};
		5F98FF98232E30C900A1AC5D /* Application */ = {
			isa = PBXGroup;
			children = (
				5F98FF99232E30E500A1AC5D /* BaseAppDelegate.swift */,
			);
			path = Application;
			sourceTree = "<group>";
		};
		5F98FF9E232E3CA100A1AC5D /* ViewModel */ = {
			isa = PBXGroup;
			children = (
				5F98FF9F232E3CC300A1AC5D /* PhotoGridPhoneViewModel.swift */,
			);
			path = ViewModel;
			sourceTree = "<group>";
		};
		5F98FFA6232E5F6A00A1AC5D /* ViewModel */ = {
			isa = PBXGroup;
			children = (
				5F98FFA7232E5F8500A1AC5D /* PhotoGridPadViewModel.swift */,
			);
			path = ViewModel;
			sourceTree = "<group>";
		};
		5F98FFAD232E7A0600A1AC5D /* Views */ = {
			isa = PBXGroup;
			children = (
				5F98FFAE232E7A1A00A1AC5D /* CollectionViewCell */,
			);
			path = Views;
			sourceTree = "<group>";
		};
		5F98FFAE232E7A1A00A1AC5D /* CollectionViewCell */ = {
			isa = PBXGroup;
			children = (
				5F98FFAB232E743A00A1AC5D /* PhotoGridPhoneCell.swift */,
			);
			path = CollectionViewCell;
			sourceTree = "<group>";
		};
		5F98FFB2232EA10E00A1AC5D /* ViewModels */ = {
			isa = PBXGroup;
			children = (
				5F98FFB3232EA28000A1AC5D /* PhotoGridPadViewModelTests.swift */,
			);
			path = ViewModels;
			sourceTree = "<group>";
		};
		5F98FFB5232EA42F00A1AC5D /* ViewModels */ = {
			isa = PBXGroup;
			children = (
				5F98FFB6232EA45D00A1AC5D /* PhotoGridPhoneViewModelTests.swift */,
			);
			path = ViewModels;
			sourceTree = "<group>";
		};
		5FAC16A123280D5800468A27 /* Mocks */ = {
			isa = PBXGroup;
			children = (
				5FAC16A223280D8000468A27 /* PhotoDownloadServiceMock.swift */,
			);
			path = Mocks;
			sourceTree = "<group>";
		};
		5FC6BFD222A54B8700F17764 = {
			isa = PBXGroup;
			children = (
				5F32BC4E232D880500A27899 /* RxMVVMC */,
				5F32BC63232D880600A27899 /* RxMVVMCTests */,
				5FC6BFDD22A54B8700F17764 /* RxMVVMC-iPad */,
				5FC6BFF222A54B8800F17764 /* RxMVVMCTests-iPad */,
				5F34495723219EC00080AA99 /* RxMVVMCShared */,
				5F34496423219EC00080AA99 /* RxMVVMCSharedTests */,
				5FC6BFDC22A54B8700F17764 /* Products */,
				5F0DB864231F03340021B883 /* Frameworks */,
			);
			sourceTree = "<group>";
		};
		5FC6BFDC22A54B8700F17764 /* Products */ = {
			isa = PBXGroup;
			children = (
				5FC6BFDB22A54B8700F17764 /* RxMVVMC-iPad.app */,
				5FC6BFEF22A54B8800F17764 /* RxMVVMCTests-iPad.xctest */,
				5F34495623219EC00080AA99 /* RxMVVMCShared.framework */,
				5F34495E23219EC00080AA99 /* RxMVVMCSharedTests.xctest */,
				5F32BC4D232D880500A27899 /* RxMVVMC.app */,
				5F32BC60232D880600A27899 /* RxMVVMCTests.xctest */,
			);
			name = Products;
			sourceTree = "<group>";
		};
		5FC6BFDD22A54B8700F17764 /* RxMVVMC-iPad */ = {
			isa = PBXGroup;
			children = (
				5FC6BFFE22A54BAA00F17764 /* Application */,
				5FC6C01C22A54D5B00F17764 /* Coordinator */,
				5F98FFA6232E5F6A00A1AC5D /* ViewModel */,
				5FC6C00722A54D5A00F17764 /* Resources */,
			);
			path = "RxMVVMC-iPad";
			sourceTree = "<group>";
		};
		5FC6BFF222A54B8800F17764 /* RxMVVMCTests-iPad */ = {
			isa = PBXGroup;
			children = (
				5F98FFB2232EA10E00A1AC5D /* ViewModels */,
				5FC6BFF322A54B8800F17764 /* RxMVVMCTests.swift */,
				5FC6BFF522A54B8800F17764 /* Info.plist */,
			);
			path = "RxMVVMCTests-iPad";
			sourceTree = "<group>";
		};
		5FC6BFFE22A54BAA00F17764 /* Application */ = {
			isa = PBXGroup;
			children = (
				5FC6BFDE22A54B8800F17764 /* AppDelegate.swift */,
				5FC6BFEA22A54B8800F17764 /* Info.plist */,
			);
			path = Application;
			sourceTree = "<group>";
		};
		5FC6C00122A54D5A00F17764 /* Helpers */ = {
			isa = PBXGroup;
			children = (
				5FC6C00222A54D5A00F17764 /* LayoutConstants.swift */,
				5FC6C00322A54D5A00F17764 /* ViewCreator.swift */,
				5F7A6D9123258A7F008FC28C /* ZoomCalculator.swift */,
				5FFA89412326985F00C44406 /* Logger.swift */,
				5F98FFA9232E625400A1AC5D /* ItemSizeCalculator.swift */,
			);
			path = Helpers;
			sourceTree = "<group>";
		};
		5FC6C00422A54D5A00F17764 /* Protocols */ = {
			isa = PBXGroup;
			children = (
				5FC6C00522A54D5A00F17764 /* ResuableView.swift */,
				5FC6C00622A54D5A00F17764 /* Coordinatable.swift */,
			);
			path = Protocols;
			sourceTree = "<group>";
		};
		5FC6C00722A54D5A00F17764 /* Resources */ = {
			isa = PBXGroup;
			children = (
				5FC6C03F22A54E8900F17764 /* LaunchScreen.storyboard */,
				5FC6C00822A54D5A00F17764 /* Assets.xcassets */,
			);
			path = Resources;
			sourceTree = "<group>";
		};
		5FC6C00B22A54D5A00F17764 /* ViewModels */ = {
			isa = PBXGroup;
			children = (
				5FC6C00C22A54D5A00F17764 /* PhotoGridViewModel.swift */,
				5F54818D2324579B000A38B0 /* PhotoDetailViewModel.swift */,
			);
			path = ViewModels;
			sourceTree = "<group>";
		};
		5FC6C00D22A54D5A00F17764 /* Controllers */ = {
			isa = PBXGroup;
			children = (
				5FC6C00F22A54D5A00F17764 /* PhotoGridViewController.swift */,
				5FC6C00E22A54D5A00F17764 /* PhotoDetailViewController.swift */,
			);
			path = Controllers;
			sourceTree = "<group>";
		};
		5FC6C01022A54D5A00F17764 /* Extensions */ = {
			isa = PBXGroup;
			children = (
				5FC6C01122A54D5A00F17764 /* UIEdgeInsets+AllEdges.swift */,
				5FC6C01222A54D5A00F17764 /* UIKit */,
				5FC6C01522A54D5A00F17764 /* Foundation */,
				5FC6C01822A54D5A00F17764 /* Core Graphics */,
				5FC6C01A22A54D5A00F17764 /* Rx */,
			);
			path = Extensions;
			sourceTree = "<group>";
		};
		5FC6C01222A54D5A00F17764 /* UIKit */ = {
			isa = PBXGroup;
			children = (
				5F54817F2323FA68000A38B0 /* UIColor+Constants.swift */,
				5FC6C01322A54D5A00F17764 /* UIView+Layout.swift */,
				5FC6C01422A54D5A00F17764 /* UIAlertController+ErrorAlert.swift */,
				5F54818F23246338000A38B0 /* UICollectionView+Generic.swift */,
				5F3583F12327BE9600781F6F /* CGSize+Square.swift */,
			);
			path = UIKit;
			sourceTree = "<group>";
		};
		5FC6C01522A54D5A00F17764 /* Foundation */ = {
			isa = PBXGroup;
			children = (
				5F15144D231FE79800EEE9ED /* URL+Endpoints.swift */,
				5FC6C01622A54D5A00F17764 /* Optional+Generic.swift */,
				5FC6C01722A54D5A00F17764 /* Array+Generic.swift */,
				5F54819123246400000A38B0 /* Optional+Required.swift */,
				5FFA894423269CA200C44406 /* Error+LocalizedMessage.swift */,
			);
			path = Foundation;
			sourceTree = "<group>";
		};
		5FC6C01822A54D5A00F17764 /* Core Graphics */ = {
			isa = PBXGroup;
			children = (
				5FC6C01922A54D5A00F17764 /* CGSize+AllDimensions.swift */,
			);
			path = "Core Graphics";
			sourceTree = "<group>";
		};
		5FC6C01A22A54D5A00F17764 /* Rx */ = {
			isa = PBXGroup;
			children = (
				5FC6C01B22A54D5A00F17764 /* ObservalType+Generic.swift */,
			);
			path = Rx;
			sourceTree = "<group>";
		};
		5FC6C01C22A54D5B00F17764 /* Coordinator */ = {
			isa = PBXGroup;
			children = (
				5FC6C01D22A54D5B00F17764 /* AppCoordinator.swift */,
				5FC6C01E22A54D5B00F17764 /* PhotoGridCoordinator.swift */,
			);
			path = Coordinator;
			sourceTree = "<group>";
		};
		5FC6C02222A54D5B00F17764 /* Models */ = {
			isa = PBXGroup;
			children = (
				5FC6C02322A54D5B00F17764 /* Photo.swift */,
			);
			path = Models;
			sourceTree = "<group>";
		};
		5FC6C02422A54D5B00F17764 /* Views */ = {
			isa = PBXGroup;
			children = (
				5F54818523244460000A38B0 /* CollectionView */,
				5F5481842324444F000A38B0 /* FlowLayout */,
				5F151444231FA6D800EEE9ED /* Custom */,
				5FC6C02622A54D5B00F17764 /* CollectionViewCell */,
				5F54818A23244E6D000A38B0 /* ScrollView */,
			);
			path = Views;
			sourceTree = "<group>";
		};
		5FC6C02622A54D5B00F17764 /* CollectionViewCell */ = {
			isa = PBXGroup;
			children = (
				5FC6C02722A54D5B00F17764 /* PhotoGridCell.swift */,
				5F5481882324480A000A38B0 /* PhotoDetailCell.swift */,
			);
			path = CollectionViewCell;
			sourceTree = "<group>";
		};
		5FDF419F2327B7B8004FF002 /* ViewModels */ = {
			isa = PBXGroup;
			children = (
				5FDF41A02327B881004FF002 /* PhotoGridViewModelTests.swift */,
			);
			path = ViewModels;
			sourceTree = "<group>";
		};
/* End PBXGroup section */

/* Begin PBXHeadersBuildPhase section */
		5F34495123219EC00080AA99 /* Headers */ = {
			isa = PBXHeadersBuildPhase;
			buildActionMask = 2147483647;
			files = (
				5F34496823219EC00080AA99 /* RxMVVMShared.h in Headers */,
			);
			runOnlyForDeploymentPostprocessing = 0;
		};
/* End PBXHeadersBuildPhase section */

/* Begin PBXNativeTarget section */
		5F32BC4C232D880500A27899 /* RxMVVMC */ = {
			isa = PBXNativeTarget;
			buildConfigurationList = 5F32BC67232D880600A27899 /* Build configuration list for PBXNativeTarget "RxMVVMC" */;
			buildPhases = (
				5F32BC49232D880500A27899 /* Sources */,
				5F32BC4A232D880500A27899 /* Frameworks */,
				5F32BC4B232D880500A27899 /* Resources */,
				5F32BC7E232E16B600A27899 /* Carthage */,
				5F98FFA5232E48F300A1AC5D /* Embed Frameworks */,
				5F98FFB1232E922900A1AC5D /* Swift */,
			);
			buildRules = (
			);
			dependencies = (
				5F98FFA2232E48CF00A1AC5D /* PBXTargetDependency */,
			);
			name = RxMVVMC;
			productName = RxMVVMC;
			productReference = 5F32BC4D232D880500A27899 /* RxMVVMC.app */;
			productType = "com.apple.product-type.application";
		};
		5F32BC5F232D880600A27899 /* RxMVVMCTests */ = {
			isa = PBXNativeTarget;
			buildConfigurationList = 5F32BC6A232D880600A27899 /* Build configuration list for PBXNativeTarget "RxMVVMCTests" */;
			buildPhases = (
				5F32BC5C232D880600A27899 /* Sources */,
				5F32BC5D232D880600A27899 /* Frameworks */,
				5F32BC5E232D880600A27899 /* Resources */,
				5F98FFB8232EA58100A1AC5D /* Carthage */,
			);
			buildRules = (
			);
			dependencies = (
				5F32BC62232D880600A27899 /* PBXTargetDependency */,
			);
			name = RxMVVMCTests;
			productName = RxMVVMCTests;
			productReference = 5F32BC60232D880600A27899 /* RxMVVMCTests.xctest */;
			productType = "com.apple.product-type.bundle.unit-test";
		};
		5F34495523219EC00080AA99 /* RxMVVMCShared */ = {
			isa = PBXNativeTarget;
			buildConfigurationList = 5F34497123219EC00080AA99 /* Build configuration list for PBXNativeTarget "RxMVVMCShared" */;
			buildPhases = (
				5F34495123219EC00080AA99 /* Headers */,
				5F34495223219EC00080AA99 /* Sources */,
				5F34495323219EC00080AA99 /* Frameworks */,
				5F34495423219EC00080AA99 /* Resources */,
				5F3B34982321A68300EF69F2 /* Carthage */,
				5FDF419C2327B140004FF002 /* Swiftlint */,
			);
			buildRules = (
			);
			dependencies = (
			);
			name = RxMVVMCShared;
			productName = RxMVVMShared;
			productReference = 5F34495623219EC00080AA99 /* RxMVVMCShared.framework */;
			productType = "com.apple.product-type.framework";
		};
		5F34495D23219EC00080AA99 /* RxMVVMCSharedTests */ = {
			isa = PBXNativeTarget;
			buildConfigurationList = 5F34497223219EC00080AA99 /* Build configuration list for PBXNativeTarget "RxMVVMCSharedTests" */;
			buildPhases = (
				5F34495A23219EC00080AA99 /* Sources */,
				5F34495B23219EC00080AA99 /* Frameworks */,
				5F34495C23219EC00080AA99 /* Resources */,
				5FDF419E2327B196004FF002 /* Swiftlint */,
				5FDF41A32327BA05004FF002 /* Carthage */,
			);
			buildRules = (
			);
			dependencies = (
				5F34496123219EC00080AA99 /* PBXTargetDependency */,
				5F34496323219EC00080AA99 /* PBXTargetDependency */,
			);
			name = RxMVVMCSharedTests;
			productName = RxMVVMSharedTests;
			productReference = 5F34495E23219EC00080AA99 /* RxMVVMCSharedTests.xctest */;
			productType = "com.apple.product-type.bundle.unit-test";
		};
		5FC6BFDA22A54B8700F17764 /* RxMVVMC-iPad */ = {
			isa = PBXNativeTarget;
			buildConfigurationList = 5FC6BFF822A54B8800F17764 /* Build configuration list for PBXNativeTarget "RxMVVMC-iPad" */;
			buildPhases = (
				5FC6BFD722A54B8700F17764 /* Sources */,
				5FC6BFD822A54B8700F17764 /* Frameworks */,
				5FC6BFD922A54B8700F17764 /* Resources */,
				5F0DB862231EF92E0021B883 /* Carthage */,
				5F15143F231F0F0E00EEE9ED /* Swiftlint */,
				5F15149F232125DA00EEE9ED /* Embed Frameworks */,
			);
			buildRules = (
			);
			dependencies = (
				5F34496A23219EC00080AA99 /* PBXTargetDependency */,
			);
			name = "RxMVVMC-iPad";
			productName = RxMVVMC;
			productReference = 5FC6BFDB22A54B8700F17764 /* RxMVVMC-iPad.app */;
			productType = "com.apple.product-type.application";
		};
		5FC6BFEE22A54B8800F17764 /* RxMVVMCTests-iPad */ = {
			isa = PBXNativeTarget;
			buildConfigurationList = 5FC6BFFB22A54B8800F17764 /* Build configuration list for PBXNativeTarget "RxMVVMCTests-iPad" */;
			buildPhases = (
				5FC6BFEB22A54B8800F17764 /* Sources */,
				5FC6BFEC22A54B8800F17764 /* Frameworks */,
				5FC6BFED22A54B8800F17764 /* Resources */,
				5F0DB863231EF9E90021B883 /* Carthage */,
				5FDF419D2327B189004FF002 /* Swiftlint */,
			);
			buildRules = (
			);
			dependencies = (
				5FC6BFF122A54B8800F17764 /* PBXTargetDependency */,
			);
			name = "RxMVVMCTests-iPad";
			productName = RxMVVMCTests;
			productReference = 5FC6BFEF22A54B8800F17764 /* RxMVVMCTests-iPad.xctest */;
			productType = "com.apple.product-type.bundle.unit-test";
		};
/* End PBXNativeTarget section */

/* Begin PBXProject section */
		5FC6BFD322A54B8700F17764 /* Project object */ = {
			isa = PBXProject;
			attributes = {
				LastSwiftUpdateCheck = 1030;
				LastUpgradeCheck = 1020;
				ORGANIZATIONNAME = Wasim;
				TargetAttributes = {
					5F32BC4C232D880500A27899 = {
						CreatedOnToolsVersion = 10.3;
					};
					5F32BC5F232D880600A27899 = {
						CreatedOnToolsVersion = 10.3;
						TestTargetID = 5F32BC4C232D880500A27899;
					};
					5F34495523219EC00080AA99 = {
						CreatedOnToolsVersion = 10.3;
					};
					5F34495D23219EC00080AA99 = {
						CreatedOnToolsVersion = 10.3;
						TestTargetID = 5FC6BFDA22A54B8700F17764;
					};
					5FC6BFDA22A54B8700F17764 = {
						CreatedOnToolsVersion = 10.2.1;
					};
					5FC6BFEE22A54B8800F17764 = {
						CreatedOnToolsVersion = 10.2.1;
						TestTargetID = 5FC6BFDA22A54B8700F17764;
					};
				};
			};
			buildConfigurationList = 5FC6BFD622A54B8700F17764 /* Build configuration list for PBXProject "RxMVVMC" */;
			compatibilityVersion = "Xcode 9.3";
			developmentRegion = en;
			hasScannedForEncodings = 0;
			knownRegions = (
				en,
				Base,
			);
			mainGroup = 5FC6BFD222A54B8700F17764;
			productRefGroup = 5FC6BFDC22A54B8700F17764 /* Products */;
			projectDirPath = "";
			projectRoot = "";
			targets = (
				5F32BC4C232D880500A27899 /* RxMVVMC */,
				5F32BC5F232D880600A27899 /* RxMVVMCTests */,
				5FC6BFDA22A54B8700F17764 /* RxMVVMC-iPad */,
				5FC6BFEE22A54B8800F17764 /* RxMVVMCTests-iPad */,
				5F34495523219EC00080AA99 /* RxMVVMCShared */,
				5F34495D23219EC00080AA99 /* RxMVVMCSharedTests */,
			);
		};
/* End PBXProject section */

/* Begin PBXResourcesBuildPhase section */
		5F32BC4B232D880500A27899 /* Resources */ = {
			isa = PBXResourcesBuildPhase;
			buildActionMask = 2147483647;
			files = (
				5F32BC5A232D880600A27899 /* LaunchScreen.storyboard in Resources */,
				5F32BC57232D880600A27899 /* Assets.xcassets in Resources */,
			);
			runOnlyForDeploymentPostprocessing = 0;
		};
		5F32BC5E232D880600A27899 /* Resources */ = {
			isa = PBXResourcesBuildPhase;
			buildActionMask = 2147483647;
			files = (
			);
			runOnlyForDeploymentPostprocessing = 0;
		};
		5F34495423219EC00080AA99 /* Resources */ = {
			isa = PBXResourcesBuildPhase;
			buildActionMask = 2147483647;
			files = (
			);
			runOnlyForDeploymentPostprocessing = 0;
		};
		5F34495C23219EC00080AA99 /* Resources */ = {
			isa = PBXResourcesBuildPhase;
			buildActionMask = 2147483647;
			files = (
			);
			runOnlyForDeploymentPostprocessing = 0;
		};
		5FC6BFD922A54B8700F17764 /* Resources */ = {
			isa = PBXResourcesBuildPhase;
			buildActionMask = 2147483647;
			files = (
				5FC6C04022A54E8900F17764 /* LaunchScreen.storyboard in Resources */,
				5FC6C02D22A54D5B00F17764 /* Assets.xcassets in Resources */,
			);
			runOnlyForDeploymentPostprocessing = 0;
		};
		5FC6BFED22A54B8800F17764 /* Resources */ = {
			isa = PBXResourcesBuildPhase;
			buildActionMask = 2147483647;
			files = (
			);
			runOnlyForDeploymentPostprocessing = 0;
		};
/* End PBXResourcesBuildPhase section */

/* Begin PBXShellScriptBuildPhase section */
		5F0DB862231EF92E0021B883 /* Carthage */ = {
			isa = PBXShellScriptBuildPhase;
			buildActionMask = 2147483647;
			files = (
			);
			inputFileListPaths = (
				"$(SRCROOT)/carthage-input.xcfilelist",
			);
			inputPaths = (
			);
			name = Carthage;
			outputFileListPaths = (
				"$(SRCROOT)/carthage-output.xcfilelist",
			);
			outputPaths = (
			);
			runOnlyForDeploymentPostprocessing = 0;
			shellPath = /bin/sh;
			shellScript = "/usr/local/bin/carthage copy-frameworks\n";
		};
		5F0DB863231EF9E90021B883 /* Carthage */ = {
			isa = PBXShellScriptBuildPhase;
			buildActionMask = 2147483647;
			files = (
			);
			inputFileListPaths = (
				"$(SRCROOT)/carthage-tests-input.xcfilelist",
			);
			inputPaths = (
			);
			name = Carthage;
			outputFileListPaths = (
				"$(SRCROOT)/carthage-tests-output.xcfilelist",
			);
			outputPaths = (
			);
			runOnlyForDeploymentPostprocessing = 0;
			shellPath = /bin/sh;
			shellScript = "/usr/local/bin/carthage copy-frameworks\n";
		};
		5F15143F231F0F0E00EEE9ED /* Swiftlint */ = {
			isa = PBXShellScriptBuildPhase;
			buildActionMask = 2147483647;
			files = (
			);
			inputFileListPaths = (
			);
			inputPaths = (
			);
			name = Swiftlint;
			outputFileListPaths = (
			);
			outputPaths = (
			);
			runOnlyForDeploymentPostprocessing = 0;
			shellPath = /bin/sh;
			shellScript = "if which swiftlint >/dev/null; then\nswiftlint\nelse\necho \"warning: SwiftLint not installed, download from https://github.com/realm/SwiftLint\"\nfi\n";
		};
		5F32BC7E232E16B600A27899 /* Carthage */ = {
			isa = PBXShellScriptBuildPhase;
			buildActionMask = 2147483647;
			files = (
			);
			inputFileListPaths = (
				"$(SRCROOT)/carthage-input.xcfilelist",
			);
			inputPaths = (
			);
			name = Carthage;
			outputFileListPaths = (
				"$(SRCROOT)/carthage-output.xcfilelist",
			);
			outputPaths = (
			);
			runOnlyForDeploymentPostprocessing = 0;
			shellPath = /bin/sh;
			shellScript = "/usr/local/bin/carthage copy-frameworks\n";
		};
		5F3B34982321A68300EF69F2 /* Carthage */ = {
			isa = PBXShellScriptBuildPhase;
			buildActionMask = 2147483647;
			files = (
			);
			inputFileListPaths = (
				"$(SRCROOT)/carthage-input.xcfilelist",
			);
			inputPaths = (
			);
			name = Carthage;
			outputFileListPaths = (
				"$(SRCROOT)/carthage-output.xcfilelist",
			);
			outputPaths = (
			);
			runOnlyForDeploymentPostprocessing = 0;
			shellPath = /bin/sh;
			shellScript = "/usr/local/bin/carthage copy-frameworks\n";
		};
		5F98FFB1232E922900A1AC5D /* Swift */ = {
			isa = PBXShellScriptBuildPhase;
			buildActionMask = 2147483647;
			files = (
			);
			inputFileListPaths = (
			);
			inputPaths = (
			);
			name = Swift;
			outputFileListPaths = (
			);
			outputPaths = (
			);
			runOnlyForDeploymentPostprocessing = 0;
			shellPath = /bin/sh;
			shellScript = "if which swiftlint >/dev/null; then\nswiftlint\nelse\necho \"warning: SwiftLint not installed, download from https://github.com/realm/SwiftLint\"\nfi\n";
		};
		5F98FFB8232EA58100A1AC5D /* Carthage */ = {
			isa = PBXShellScriptBuildPhase;
			buildActionMask = 2147483647;
			files = (
			);
			inputFileListPaths = (
				"$(SRCROOT)/carthage-tests-input.xcfilelist",
			);
			inputPaths = (
			);
			name = Carthage;
			outputFileListPaths = (
				"$(SRCROOT)/carthage-tests-output.xcfilelist",
			);
			outputPaths = (
			);
			runOnlyForDeploymentPostprocessing = 0;
			shellPath = /bin/sh;
			shellScript = "/usr/local/bin/carthage copy-frameworks\n";
		};
		5FDF419C2327B140004FF002 /* Swiftlint */ = {
			isa = PBXShellScriptBuildPhase;
			buildActionMask = 2147483647;
			files = (
			);
			inputFileListPaths = (
			);
			inputPaths = (
			);
			name = Swiftlint;
			outputFileListPaths = (
			);
			outputPaths = (
			);
			runOnlyForDeploymentPostprocessing = 0;
			shellPath = /bin/sh;
			shellScript = "if which swiftlint >/dev/null; then\nswiftlint\nelse\necho \"warning: SwiftLint not installed, download from https://github.com/realm/SwiftLint\"\nfi\n";
		};
		5FDF419D2327B189004FF002 /* Swiftlint */ = {
			isa = PBXShellScriptBuildPhase;
			buildActionMask = 2147483647;
			files = (
			);
			inputFileListPaths = (
			);
			inputPaths = (
			);
			name = Swiftlint;
			outputFileListPaths = (
			);
			outputPaths = (
			);
			runOnlyForDeploymentPostprocessing = 0;
			shellPath = /bin/sh;
			shellScript = "if which swiftlint >/dev/null; then\nswiftlint\nelse\necho \"warning: SwiftLint not installed, download from https://github.com/realm/SwiftLint\"\nfi\n";
		};
		5FDF419E2327B196004FF002 /* Swiftlint */ = {
			isa = PBXShellScriptBuildPhase;
			buildActionMask = 2147483647;
			files = (
			);
			inputFileListPaths = (
			);
			inputPaths = (
			);
			name = Swiftlint;
			outputFileListPaths = (
			);
			outputPaths = (
			);
			runOnlyForDeploymentPostprocessing = 0;
			shellPath = /bin/sh;
			shellScript = "if which swiftlint >/dev/null; then\nswiftlint\nelse\necho \"warning: SwiftLint not installed, download from https://github.com/realm/SwiftLint\"\nfi\n";
		};
		5FDF41A32327BA05004FF002 /* Carthage */ = {
			isa = PBXShellScriptBuildPhase;
			buildActionMask = 2147483647;
			files = (
			);
			inputFileListPaths = (
				"$(SRCROOT)/carthage-tests-input.xcfilelist",
			);
			inputPaths = (
			);
			name = Carthage;
			outputFileListPaths = (
				"$(SRCROOT)/carthage-tests-output.xcfilelist",
			);
			outputPaths = (
			);
			runOnlyForDeploymentPostprocessing = 0;
			shellPath = /bin/sh;
			shellScript = "/usr/local/bin/carthage copy-frameworks\n";
		};
/* End PBXShellScriptBuildPhase section */

/* Begin PBXSourcesBuildPhase section */
		5F32BC49232D880500A27899 /* Sources */ = {
			isa = PBXSourcesBuildPhase;
			buildActionMask = 2147483647;
			files = (
				5F32BC7B232E150B00A27899 /* AppCoordinator.swift in Sources */,
				5F32BC50232D880500A27899 /* AppDelegate.swift in Sources */,
				5F32BC7D232E159C00A27899 /* PhotoGridCoordinator.swift in Sources */,
				5F98FFA0232E3CC300A1AC5D /* PhotoGridPhoneViewModel.swift in Sources */,
				5F98FFAC232E743A00A1AC5D /* PhotoGridPhoneCell.swift in Sources */,
				5F98FF9C232E393C00A1AC5D /* BaseAppDelegate.swift in Sources */,
				5F98FFB0232E7AA300A1AC5D /* PhotoGridPhoneViewController.swift in Sources */,
			);
			runOnlyForDeploymentPostprocessing = 0;
		};
		5F32BC5C232D880600A27899 /* Sources */ = {
			isa = PBXSourcesBuildPhase;
			buildActionMask = 2147483647;
			files = (
				5F98FFB7232EA45D00A1AC5D /* PhotoGridPhoneViewModelTests.swift in Sources */,
				5F32BC65232D880600A27899 /* RxMVVMCTests.swift in Sources */,
			);
			runOnlyForDeploymentPostprocessing = 0;
		};
		5F34495223219EC00080AA99 /* Sources */ = {
			isa = PBXSourcesBuildPhase;
			buildActionMask = 2147483647;
			files = (
				5F3B34AD2322258900EF69F2 /* PhotoGridViewModel.swift in Sources */,
				5F3B34AE2322258900EF69F2 /* LoadingView.swift in Sources */,
				5F54818C23244E9D000A38B0 /* PhotoViewerScrollView.swift in Sources */,
				5F3B34AF2322258900EF69F2 /* GridCollectionView.swift in Sources */,
				5F3B34B02322258900EF69F2 /* PhotoGridCell.swift in Sources */,
				5F3B34B12322258900EF69F2 /* ResuableView.swift in Sources */,
				5F32BC75232E095900A27899 /* PhotoGridViewController.swift in Sources */,
				5F98FF9A232E30E500A1AC5D /* BaseAppDelegate.swift in Sources */,
				5F54818E2324579C000A38B0 /* PhotoDetailViewModel.swift in Sources */,
				5F3B34B22322258900EF69F2 /* Coordinatable.swift in Sources */,
				5F54818723244499000A38B0 /* DetailCollectionViewLayout.swift in Sources */,
				5F3B34AB2321AE5300EF69F2 /* LayoutConstants.swift in Sources */,
				5F3B34AC2321AE5300EF69F2 /* ViewCreator.swift in Sources */,
				5FFA894323269AB700C44406 /* Logger.swift in Sources */,
				5F3B34A32321ACBE00EF69F2 /* UIEdgeInsets+AllEdges.swift in Sources */,
				5F98FFAA232E625400A1AC5D /* ItemSizeCalculator.swift in Sources */,
				5F3B34A42321ACBE00EF69F2 /* UIView+Layout.swift in Sources */,
				5F3B34A52321ACBE00EF69F2 /* UIAlertController+ErrorAlert.swift in Sources */,
				5F5481802323FA68000A38B0 /* UIColor+Constants.swift in Sources */,
				5F3B34A62321ACBE00EF69F2 /* URL+Endpoints.swift in Sources */,
				5F54819223246400000A38B0 /* Optional+Required.swift in Sources */,
				5FFA894523269CA200C44406 /* Error+LocalizedMessage.swift in Sources */,
				5F3B34A72321ACBE00EF69F2 /* Optional+Generic.swift in Sources */,
				5F5481892324480A000A38B0 /* PhotoDetailCell.swift in Sources */,
				5F7A6D9323258CF9008FC28C /* ZoomCalculator.swift in Sources */,
				5F3B34A82321ACBE00EF69F2 /* Array+Generic.swift in Sources */,
				5F54819023246338000A38B0 /* UICollectionView+Generic.swift in Sources */,
				5F32BC76232E095E00A27899 /* PhotoDetailViewController.swift in Sources */,
				5F3B34A92321ACBE00EF69F2 /* CGSize+AllDimensions.swift in Sources */,
				5F3B34AA2321ACBE00EF69F2 /* ObservalType+Generic.swift in Sources */,
				5F3B34A22321A97800EF69F2 /* Photo.swift in Sources */,
				5F3B34972321A25500EF69F2 /* PhotoDownloadService.swift in Sources */,
				5F54818323244391000A38B0 /* DetailCollectionView.swift in Sources */,
			);
			runOnlyForDeploymentPostprocessing = 0;
		};
		5F34495A23219EC00080AA99 /* Sources */ = {
			isa = PBXSourcesBuildPhase;
			buildActionMask = 2147483647;
			files = (
				5FAC16A323280D8000468A27 /* PhotoDownloadServiceMock.swift in Sources */,
				5F34496623219EC00080AA99 /* RxMVVMSharedTests.swift in Sources */,
				5FDF41A22327B898004FF002 /* PhotoGridViewModelTests.swift in Sources */,
			);
			runOnlyForDeploymentPostprocessing = 0;
		};
		5FC6BFD722A54B8700F17764 /* Sources */ = {
			isa = PBXSourcesBuildPhase;
			buildActionMask = 2147483647;
			files = (
				5F32BC77232E10FF00A27899 /* AppCoordinator.swift in Sources */,
				5F98FFA8232E5F8500A1AC5D /* PhotoGridPadViewModel.swift in Sources */,
				5F32BC78232E110800A27899 /* PhotoGridCoordinator.swift in Sources */,
				5FC6BFDF22A54B8800F17764 /* AppDelegate.swift in Sources */,
				5F3583F22327BE9600781F6F /* CGSize+Square.swift in Sources */,
				5F98FF9D232E393D00A1AC5D /* BaseAppDelegate.swift in Sources */,
			);
			runOnlyForDeploymentPostprocessing = 0;
		};
		5FC6BFEB22A54B8800F17764 /* Sources */ = {
			isa = PBXSourcesBuildPhase;
			buildActionMask = 2147483647;
			files = (
				5F98FFB4232EA28000A1AC5D /* PhotoGridPadViewModelTests.swift in Sources */,
				5FC6BFF422A54B8800F17764 /* RxMVVMCTests.swift in Sources */,
			);
			runOnlyForDeploymentPostprocessing = 0;
		};
/* End PBXSourcesBuildPhase section */

/* Begin PBXTargetDependency section */
		5F32BC62232D880600A27899 /* PBXTargetDependency */ = {
			isa = PBXTargetDependency;
			target = 5F32BC4C232D880500A27899 /* RxMVVMC */;
			targetProxy = 5F32BC61232D880600A27899 /* PBXContainerItemProxy */;
		};
		5F34496123219EC00080AA99 /* PBXTargetDependency */ = {
			isa = PBXTargetDependency;
			target = 5F34495523219EC00080AA99 /* RxMVVMCShared */;
			targetProxy = 5F34496023219EC00080AA99 /* PBXContainerItemProxy */;
		};
		5F34496323219EC00080AA99 /* PBXTargetDependency */ = {
			isa = PBXTargetDependency;
			target = 5FC6BFDA22A54B8700F17764 /* RxMVVMC-iPad */;
			targetProxy = 5F34496223219EC00080AA99 /* PBXContainerItemProxy */;
		};
		5F34496A23219EC00080AA99 /* PBXTargetDependency */ = {
			isa = PBXTargetDependency;
			target = 5F34495523219EC00080AA99 /* RxMVVMCShared */;
			targetProxy = 5F34496923219EC00080AA99 /* PBXContainerItemProxy */;
		};
		5F98FFA2232E48CF00A1AC5D /* PBXTargetDependency */ = {
			isa = PBXTargetDependency;
			target = 5F34495523219EC00080AA99 /* RxMVVMCShared */;
			targetProxy = 5F98FFA1232E48CF00A1AC5D /* PBXContainerItemProxy */;
		};
		5FC6BFF122A54B8800F17764 /* PBXTargetDependency */ = {
			isa = PBXTargetDependency;
			target = 5FC6BFDA22A54B8700F17764 /* RxMVVMC-iPad */;
			targetProxy = 5FC6BFF022A54B8800F17764 /* PBXContainerItemProxy */;
		};
/* End PBXTargetDependency section */

/* Begin PBXVariantGroup section */
		5F32BC58232D880600A27899 /* LaunchScreen.storyboard */ = {
			isa = PBXVariantGroup;
			children = (
				5F32BC59232D880600A27899 /* Base */,
			);
			name = LaunchScreen.storyboard;
			sourceTree = "<group>";
		};
/* End PBXVariantGroup section */

/* Begin XCBuildConfiguration section */
		5F32BC68232D880600A27899 /* Debug */ = {
			isa = XCBuildConfiguration;
			buildSettings = {
				ALWAYS_EMBED_SWIFT_STANDARD_LIBRARIES = YES;
				ASSETCATALOG_COMPILER_APPICON_NAME = AppIcon;
				CODE_SIGN_STYLE = Automatic;
				DEVELOPMENT_TEAM = JCPY7FXGR4;
				FRAMEWORK_SEARCH_PATHS = (
					"$(PROJECT_DIR)/Carthage/Build/iOS",
					"$(PROJECT_DIR)/Frameworks",
				);
				INFOPLIST_FILE = RxMVVMC/Application/Info.plist;
				IPHONEOS_DEPLOYMENT_TARGET = 11.0;
				LD_RUNPATH_SEARCH_PATHS = (
					"$(inherited)",
					"@executable_path/Frameworks",
				);
				PRODUCT_BUNDLE_IDENTIFIER = net.grandcentrix.RxMVVMC;
				PRODUCT_NAME = "$(TARGET_NAME)";
				SWIFT_VERSION = 5.0;
				TARGETED_DEVICE_FAMILY = 1;
			};
			name = Debug;
		};
		5F32BC69232D880600A27899 /* Release */ = {
			isa = XCBuildConfiguration;
			buildSettings = {
				ALWAYS_EMBED_SWIFT_STANDARD_LIBRARIES = YES;
				ASSETCATALOG_COMPILER_APPICON_NAME = AppIcon;
				CODE_SIGN_STYLE = Automatic;
				DEVELOPMENT_TEAM = JCPY7FXGR4;
				FRAMEWORK_SEARCH_PATHS = (
					"$(PROJECT_DIR)/Carthage/Build/iOS",
					"$(PROJECT_DIR)/Frameworks",
				);
				INFOPLIST_FILE = RxMVVMC/Application/Info.plist;
				IPHONEOS_DEPLOYMENT_TARGET = 11.0;
				LD_RUNPATH_SEARCH_PATHS = (
					"$(inherited)",
					"@executable_path/Frameworks",
				);
				PRODUCT_BUNDLE_IDENTIFIER = net.grandcentrix.RxMVVMC;
				PRODUCT_NAME = "$(TARGET_NAME)";
				SWIFT_VERSION = 5.0;
				TARGETED_DEVICE_FAMILY = 1;
			};
			name = Release;
		};
		5F32BC6B232D880600A27899 /* Debug */ = {
			isa = XCBuildConfiguration;
			buildSettings = {
				ALWAYS_EMBED_SWIFT_STANDARD_LIBRARIES = YES;
				BUNDLE_LOADER = "$(TEST_HOST)";
				CODE_SIGN_STYLE = Automatic;
				DEVELOPMENT_TEAM = JCPY7FXGR4;
				FRAMEWORK_SEARCH_PATHS = "$(PROJECT_DIR)/Carthage/Build/iOS";
				INFOPLIST_FILE = RxMVVMCTests/Info.plist;
				IPHONEOS_DEPLOYMENT_TARGET = 12.4;
				LD_RUNPATH_SEARCH_PATHS = (
					"$(inherited)",
					"@executable_path/Frameworks",
					"@loader_path/Frameworks",
				);
				PRODUCT_BUNDLE_IDENTIFIER = net.grandcentrix.RxMVVMCTests;
				PRODUCT_NAME = "$(TARGET_NAME)";
				SWIFT_VERSION = 5.0;
				TARGETED_DEVICE_FAMILY = "1,2";
				TEST_HOST = "$(BUILT_PRODUCTS_DIR)/RxMVVMC.app/RxMVVMC";
			};
			name = Debug;
		};
		5F32BC6C232D880600A27899 /* Release */ = {
			isa = XCBuildConfiguration;
			buildSettings = {
				ALWAYS_EMBED_SWIFT_STANDARD_LIBRARIES = YES;
				BUNDLE_LOADER = "$(TEST_HOST)";
				CODE_SIGN_STYLE = Automatic;
				DEVELOPMENT_TEAM = JCPY7FXGR4;
				FRAMEWORK_SEARCH_PATHS = "$(PROJECT_DIR)/Carthage/Build/iOS";
				INFOPLIST_FILE = RxMVVMCTests/Info.plist;
				IPHONEOS_DEPLOYMENT_TARGET = 12.4;
				LD_RUNPATH_SEARCH_PATHS = (
					"$(inherited)",
					"@executable_path/Frameworks",
					"@loader_path/Frameworks",
				);
				PRODUCT_BUNDLE_IDENTIFIER = net.grandcentrix.RxMVVMCTests;
				PRODUCT_NAME = "$(TARGET_NAME)";
				SWIFT_VERSION = 5.0;
				TARGETED_DEVICE_FAMILY = "1,2";
				TEST_HOST = "$(BUILT_PRODUCTS_DIR)/RxMVVMC.app/RxMVVMC";
			};
			name = Release;
		};
		5F34496D23219EC00080AA99 /* Debug */ = {
			isa = XCBuildConfiguration;
			buildSettings = {
				CODE_SIGN_IDENTITY = "";
				CODE_SIGN_STYLE = Automatic;
				CURRENT_PROJECT_VERSION = 1;
				DEFINES_MODULE = YES;
				DEVELOPMENT_TEAM = JCPY7FXGR4;
				DYLIB_COMPATIBILITY_VERSION = 1;
				DYLIB_CURRENT_VERSION = 1;
				DYLIB_INSTALL_NAME_BASE = "@rpath";
				FRAMEWORK_SEARCH_PATHS = (
					"$(inherited)",
					"$(PROJECT_DIR)/Carthage/Build/iOS",
					"$(PROJECT_DIR)/Frameworks",
				);
				INFOPLIST_FILE = RxMVVMCShared/Info.plist;
				INSTALL_PATH = "$(LOCAL_LIBRARY_DIR)/Frameworks";
				IPHONEOS_DEPLOYMENT_TARGET = 11.0;
				LD_RUNPATH_SEARCH_PATHS = (
					"$(inherited)",
					"@executable_path/Frameworks",
					"@loader_path/Frameworks",
				);
				PRODUCT_BUNDLE_IDENTIFIER = net.grandcentrix.RxMVVMCShared;
				PRODUCT_NAME = "$(TARGET_NAME:c99extidentifier)";
				SKIP_INSTALL = YES;
				SWIFT_VERSION = 5.0;
				TARGETED_DEVICE_FAMILY = "1,2";
				VERSIONING_SYSTEM = "apple-generic";
				VERSION_INFO_PREFIX = "";
			};
			name = Debug;
		};
		5F34496E23219EC00080AA99 /* Release */ = {
			isa = XCBuildConfiguration;
			buildSettings = {
				CODE_SIGN_IDENTITY = "";
				CODE_SIGN_STYLE = Automatic;
				CURRENT_PROJECT_VERSION = 1;
				DEFINES_MODULE = YES;
				DEVELOPMENT_TEAM = JCPY7FXGR4;
				DYLIB_COMPATIBILITY_VERSION = 1;
				DYLIB_CURRENT_VERSION = 1;
				DYLIB_INSTALL_NAME_BASE = "@rpath";
				FRAMEWORK_SEARCH_PATHS = (
					"$(inherited)",
					"$(PROJECT_DIR)/Carthage/Build/iOS",
					"$(PROJECT_DIR)/Frameworks",
				);
				INFOPLIST_FILE = RxMVVMCShared/Info.plist;
				INSTALL_PATH = "$(LOCAL_LIBRARY_DIR)/Frameworks";
				IPHONEOS_DEPLOYMENT_TARGET = 11.0;
				LD_RUNPATH_SEARCH_PATHS = (
					"$(inherited)",
					"@executable_path/Frameworks",
					"@loader_path/Frameworks",
				);
				PRODUCT_BUNDLE_IDENTIFIER = net.grandcentrix.RxMVVMCShared;
				PRODUCT_NAME = "$(TARGET_NAME:c99extidentifier)";
				SKIP_INSTALL = YES;
				SWIFT_VERSION = 5.0;
				TARGETED_DEVICE_FAMILY = "1,2";
				VERSIONING_SYSTEM = "apple-generic";
				VERSION_INFO_PREFIX = "";
			};
			name = Release;
		};
		5F34496F23219EC00080AA99 /* Debug */ = {
			isa = XCBuildConfiguration;
			buildSettings = {
				ALWAYS_EMBED_SWIFT_STANDARD_LIBRARIES = YES;
				CODE_SIGN_STYLE = Automatic;
				DEVELOPMENT_TEAM = "";
				FRAMEWORK_SEARCH_PATHS = "$(PROJECT_DIR)/Carthage/Build/iOS";
				INFOPLIST_FILE = RxMVVMCSharedTests/Info.plist;
				IPHONEOS_DEPLOYMENT_TARGET = 12.4;
				LD_RUNPATH_SEARCH_PATHS = (
					"$(inherited)",
					"@executable_path/Frameworks",
					"@loader_path/Frameworks",
				);
				PRODUCT_BUNDLE_IDENTIFIER = net.grandcentrix.RxMVVMSharedTests;
				PRODUCT_NAME = "$(TARGET_NAME)";
				SWIFT_VERSION = 5.0;
				TARGETED_DEVICE_FAMILY = "1,2";
				TEST_HOST = "$(BUILT_PRODUCTS_DIR)/RxMVVMC-iPad.app/RxMVVMC-iPad";
			};
			name = Debug;
		};
		5F34497023219EC00080AA99 /* Release */ = {
			isa = XCBuildConfiguration;
			buildSettings = {
				ALWAYS_EMBED_SWIFT_STANDARD_LIBRARIES = YES;
				CODE_SIGN_STYLE = Automatic;
				DEVELOPMENT_TEAM = "";
				FRAMEWORK_SEARCH_PATHS = "$(PROJECT_DIR)/Carthage/Build/iOS";
				INFOPLIST_FILE = RxMVVMCSharedTests/Info.plist;
				IPHONEOS_DEPLOYMENT_TARGET = 12.4;
				LD_RUNPATH_SEARCH_PATHS = (
					"$(inherited)",
					"@executable_path/Frameworks",
					"@loader_path/Frameworks",
				);
				PRODUCT_BUNDLE_IDENTIFIER = net.grandcentrix.RxMVVMSharedTests;
				PRODUCT_NAME = "$(TARGET_NAME)";
				SWIFT_VERSION = 5.0;
				TARGETED_DEVICE_FAMILY = "1,2";
				TEST_HOST = "$(BUILT_PRODUCTS_DIR)/RxMVVMC-iPad.app/RxMVVMC-iPad";
			};
			name = Release;
		};
		5FC6BFF622A54B8800F17764 /* Debug */ = {
			isa = XCBuildConfiguration;
			buildSettings = {
				ALWAYS_SEARCH_USER_PATHS = NO;
				CLANG_ANALYZER_NONNULL = YES;
				CLANG_ANALYZER_NUMBER_OBJECT_CONVERSION = YES_AGGRESSIVE;
				CLANG_CXX_LANGUAGE_STANDARD = "gnu++14";
				CLANG_CXX_LIBRARY = "libc++";
				CLANG_ENABLE_MODULES = YES;
				CLANG_ENABLE_OBJC_ARC = YES;
				CLANG_ENABLE_OBJC_WEAK = YES;
				CLANG_WARN_BLOCK_CAPTURE_AUTORELEASING = YES;
				CLANG_WARN_BOOL_CONVERSION = YES;
				CLANG_WARN_COMMA = YES;
				CLANG_WARN_CONSTANT_CONVERSION = YES;
				CLANG_WARN_DEPRECATED_OBJC_IMPLEMENTATIONS = YES;
				CLANG_WARN_DIRECT_OBJC_ISA_USAGE = YES_ERROR;
				CLANG_WARN_DOCUMENTATION_COMMENTS = YES;
				CLANG_WARN_EMPTY_BODY = YES;
				CLANG_WARN_ENUM_CONVERSION = YES;
				CLANG_WARN_INFINITE_RECURSION = YES;
				CLANG_WARN_INT_CONVERSION = YES;
				CLANG_WARN_NON_LITERAL_NULL_CONVERSION = YES;
				CLANG_WARN_OBJC_IMPLICIT_RETAIN_SELF = YES;
				CLANG_WARN_OBJC_LITERAL_CONVERSION = YES;
				CLANG_WARN_OBJC_ROOT_CLASS = YES_ERROR;
				CLANG_WARN_RANGE_LOOP_ANALYSIS = YES;
				CLANG_WARN_STRICT_PROTOTYPES = YES;
				CLANG_WARN_SUSPICIOUS_MOVE = YES;
				CLANG_WARN_UNGUARDED_AVAILABILITY = YES_AGGRESSIVE;
				CLANG_WARN_UNREACHABLE_CODE = YES;
				CLANG_WARN__DUPLICATE_METHOD_MATCH = YES;
				CODE_SIGN_IDENTITY = "iPhone Developer";
				COPY_PHASE_STRIP = NO;
				DEBUG_INFORMATION_FORMAT = dwarf;
				ENABLE_STRICT_OBJC_MSGSEND = YES;
				ENABLE_TESTABILITY = YES;
				GCC_C_LANGUAGE_STANDARD = gnu11;
				GCC_DYNAMIC_NO_PIC = NO;
				GCC_NO_COMMON_BLOCKS = YES;
				GCC_OPTIMIZATION_LEVEL = 0;
				GCC_PREPROCESSOR_DEFINITIONS = (
					"DEBUG=1",
					"$(inherited)",
				);
				GCC_WARN_64_TO_32_BIT_CONVERSION = YES;
				GCC_WARN_ABOUT_RETURN_TYPE = YES_ERROR;
				GCC_WARN_UNDECLARED_SELECTOR = YES;
				GCC_WARN_UNINITIALIZED_AUTOS = YES_AGGRESSIVE;
				GCC_WARN_UNUSED_FUNCTION = YES;
				GCC_WARN_UNUSED_VARIABLE = YES;
				IPHONEOS_DEPLOYMENT_TARGET = 12.2;
				MTL_ENABLE_DEBUG_INFO = INCLUDE_SOURCE;
				MTL_FAST_MATH = YES;
				ONLY_ACTIVE_ARCH = YES;
				SDKROOT = iphoneos;
				SWIFT_ACTIVE_COMPILATION_CONDITIONS = DEBUG;
				SWIFT_OPTIMIZATION_LEVEL = "-Onone";
			};
			name = Debug;
		};
		5FC6BFF722A54B8800F17764 /* Release */ = {
			isa = XCBuildConfiguration;
			buildSettings = {
				ALWAYS_SEARCH_USER_PATHS = NO;
				CLANG_ANALYZER_NONNULL = YES;
				CLANG_ANALYZER_NUMBER_OBJECT_CONVERSION = YES_AGGRESSIVE;
				CLANG_CXX_LANGUAGE_STANDARD = "gnu++14";
				CLANG_CXX_LIBRARY = "libc++";
				CLANG_ENABLE_MODULES = YES;
				CLANG_ENABLE_OBJC_ARC = YES;
				CLANG_ENABLE_OBJC_WEAK = YES;
				CLANG_WARN_BLOCK_CAPTURE_AUTORELEASING = YES;
				CLANG_WARN_BOOL_CONVERSION = YES;
				CLANG_WARN_COMMA = YES;
				CLANG_WARN_CONSTANT_CONVERSION = YES;
				CLANG_WARN_DEPRECATED_OBJC_IMPLEMENTATIONS = YES;
				CLANG_WARN_DIRECT_OBJC_ISA_USAGE = YES_ERROR;
				CLANG_WARN_DOCUMENTATION_COMMENTS = YES;
				CLANG_WARN_EMPTY_BODY = YES;
				CLANG_WARN_ENUM_CONVERSION = YES;
				CLANG_WARN_INFINITE_RECURSION = YES;
				CLANG_WARN_INT_CONVERSION = YES;
				CLANG_WARN_NON_LITERAL_NULL_CONVERSION = YES;
				CLANG_WARN_OBJC_IMPLICIT_RETAIN_SELF = YES;
				CLANG_WARN_OBJC_LITERAL_CONVERSION = YES;
				CLANG_WARN_OBJC_ROOT_CLASS = YES_ERROR;
				CLANG_WARN_RANGE_LOOP_ANALYSIS = YES;
				CLANG_WARN_STRICT_PROTOTYPES = YES;
				CLANG_WARN_SUSPICIOUS_MOVE = YES;
				CLANG_WARN_UNGUARDED_AVAILABILITY = YES_AGGRESSIVE;
				CLANG_WARN_UNREACHABLE_CODE = YES;
				CLANG_WARN__DUPLICATE_METHOD_MATCH = YES;
				CODE_SIGN_IDENTITY = "iPhone Developer";
				COPY_PHASE_STRIP = NO;
				DEBUG_INFORMATION_FORMAT = "dwarf-with-dsym";
				ENABLE_NS_ASSERTIONS = NO;
				ENABLE_STRICT_OBJC_MSGSEND = YES;
				GCC_C_LANGUAGE_STANDARD = gnu11;
				GCC_NO_COMMON_BLOCKS = YES;
				GCC_WARN_64_TO_32_BIT_CONVERSION = YES;
				GCC_WARN_ABOUT_RETURN_TYPE = YES_ERROR;
				GCC_WARN_UNDECLARED_SELECTOR = YES;
				GCC_WARN_UNINITIALIZED_AUTOS = YES_AGGRESSIVE;
				GCC_WARN_UNUSED_FUNCTION = YES;
				GCC_WARN_UNUSED_VARIABLE = YES;
				IPHONEOS_DEPLOYMENT_TARGET = 12.2;
				MTL_ENABLE_DEBUG_INFO = NO;
				MTL_FAST_MATH = YES;
				SDKROOT = iphoneos;
				SWIFT_COMPILATION_MODE = wholemodule;
				SWIFT_OPTIMIZATION_LEVEL = "-O";
				VALIDATE_PRODUCT = YES;
			};
			name = Release;
		};
		5FC6BFF922A54B8800F17764 /* Debug */ = {
			isa = XCBuildConfiguration;
			buildSettings = {
				ALWAYS_EMBED_SWIFT_STANDARD_LIBRARIES = YES;
				ASSETCATALOG_COMPILER_APPICON_NAME = AppIcon;
				CODE_SIGN_STYLE = Manual;
				DEVELOPMENT_TEAM = JCPY7FXGR4;
				FRAMEWORK_SEARCH_PATHS = (
					"$(inherited)",
					"$(PROJECT_DIR)/Carthage/Build/iOS",
					"$(PROJECT_DIR)/Frameworks",
				);
				INFOPLIST_FILE = "RxMVVMC-iPad/Application/Info.plist";
				IPHONEOS_DEPLOYMENT_TARGET = 11.0;
				LD_RUNPATH_SEARCH_PATHS = (
					"$(inherited)",
					"@executable_path/Frameworks",
					"@loader_path/Frameworks",
				);
				PRODUCT_BUNDLE_IDENTIFIER = net.grandcentrix.RxMVVMC.iPad;
				PRODUCT_NAME = "$(TARGET_NAME)";
				PROVISIONING_PROFILE_SPECIFIER = "grandcentrix Enterprise Wildcard Development";
				SWIFT_VERSION = 5.0;
				TARGETED_DEVICE_FAMILY = 2;
			};
			name = Debug;
		};
		5FC6BFFA22A54B8800F17764 /* Release */ = {
			isa = XCBuildConfiguration;
			buildSettings = {
				ALWAYS_EMBED_SWIFT_STANDARD_LIBRARIES = YES;
				ASSETCATALOG_COMPILER_APPICON_NAME = AppIcon;
				CODE_SIGN_STYLE = Manual;
				DEVELOPMENT_TEAM = JCPY7FXGR4;
				FRAMEWORK_SEARCH_PATHS = (
					"$(inherited)",
					"$(PROJECT_DIR)/Carthage/Build/iOS",
					"$(PROJECT_DIR)/Frameworks",
				);
				INFOPLIST_FILE = "RxMVVMC-iPad/Application/Info.plist";
				IPHONEOS_DEPLOYMENT_TARGET = 11.0;
				LD_RUNPATH_SEARCH_PATHS = (
					"$(inherited)",
					"@executable_path/Frameworks",
					"@loader_path/Frameworks",
				);
				PRODUCT_BUNDLE_IDENTIFIER = net.grandcentrix.RxMVVMC.iPad;
				PRODUCT_NAME = "$(TARGET_NAME)";
				PROVISIONING_PROFILE_SPECIFIER = "grandcentrix Enterprise Wildcard Development";
				SWIFT_VERSION = 5.0;
				TARGETED_DEVICE_FAMILY = 2;
			};
			name = Release;
		};
		5FC6BFFC22A54B8800F17764 /* Debug */ = {
			isa = XCBuildConfiguration;
			buildSettings = {
				ALWAYS_EMBED_SWIFT_STANDARD_LIBRARIES = YES;
				BUNDLE_LOADER = "$(TEST_HOST)";
				CODE_SIGN_STYLE = Automatic;
				FRAMEWORK_SEARCH_PATHS = (
					"$(inherited)",
					"$(PROJECT_DIR)/Carthage/Build/iOS",
				);
				INFOPLIST_FILE = "RxMVVMCTests-iPad/Info.plist";
				LD_RUNPATH_SEARCH_PATHS = (
					"$(inherited)",
					"@executable_path/Frameworks",
					"@loader_path/Frameworks",
				);
				PRODUCT_BUNDLE_IDENTIFIER = net.wasim.RxMVVMCTests;
				PRODUCT_NAME = "$(TARGET_NAME)";
				SWIFT_VERSION = 5.0;
				TARGETED_DEVICE_FAMILY = "1,2";
				TEST_HOST = "$(BUILT_PRODUCTS_DIR)/RxMVVMC-iPad.app/RxMVVMC-iPad";
			};
			name = Debug;
		};
		5FC6BFFD22A54B8800F17764 /* Release */ = {
			isa = XCBuildConfiguration;
			buildSettings = {
				ALWAYS_EMBED_SWIFT_STANDARD_LIBRARIES = YES;
				BUNDLE_LOADER = "$(TEST_HOST)";
				CODE_SIGN_STYLE = Automatic;
				FRAMEWORK_SEARCH_PATHS = (
					"$(inherited)",
					"$(PROJECT_DIR)/Carthage/Build/iOS",
				);
				INFOPLIST_FILE = "RxMVVMCTests-iPad/Info.plist";
				LD_RUNPATH_SEARCH_PATHS = (
					"$(inherited)",
					"@executable_path/Frameworks",
					"@loader_path/Frameworks",
				);
				PRODUCT_BUNDLE_IDENTIFIER = net.wasim.RxMVVMCTests;
				PRODUCT_NAME = "$(TARGET_NAME)";
				SWIFT_VERSION = 5.0;
				TARGETED_DEVICE_FAMILY = "1,2";
				TEST_HOST = "$(BUILT_PRODUCTS_DIR)/RxMVVMC-iPad.app/RxMVVMC-iPad";
			};
			name = Release;
		};
/* End XCBuildConfiguration section */

/* Begin XCConfigurationList section */
		5F32BC67232D880600A27899 /* Build configuration list for PBXNativeTarget "RxMVVMC" */ = {
			isa = XCConfigurationList;
			buildConfigurations = (
				5F32BC68232D880600A27899 /* Debug */,
				5F32BC69232D880600A27899 /* Release */,
			);
			defaultConfigurationIsVisible = 0;
			defaultConfigurationName = Release;
		};
		5F32BC6A232D880600A27899 /* Build configuration list for PBXNativeTarget "RxMVVMCTests" */ = {
			isa = XCConfigurationList;
			buildConfigurations = (
				5F32BC6B232D880600A27899 /* Debug */,
				5F32BC6C232D880600A27899 /* Release */,
			);
			defaultConfigurationIsVisible = 0;
			defaultConfigurationName = Release;
		};
		5F34497123219EC00080AA99 /* Build configuration list for PBXNativeTarget "RxMVVMCShared" */ = {
			isa = XCConfigurationList;
			buildConfigurations = (
				5F34496D23219EC00080AA99 /* Debug */,
				5F34496E23219EC00080AA99 /* Release */,
			);
			defaultConfigurationIsVisible = 0;
			defaultConfigurationName = Release;
		};
		5F34497223219EC00080AA99 /* Build configuration list for PBXNativeTarget "RxMVVMCSharedTests" */ = {
			isa = XCConfigurationList;
			buildConfigurations = (
				5F34496F23219EC00080AA99 /* Debug */,
				5F34497023219EC00080AA99 /* Release */,
			);
			defaultConfigurationIsVisible = 0;
			defaultConfigurationName = Release;
		};
		5FC6BFD622A54B8700F17764 /* Build configuration list for PBXProject "RxMVVMC" */ = {
			isa = XCConfigurationList;
			buildConfigurations = (
				5FC6BFF622A54B8800F17764 /* Debug */,
				5FC6BFF722A54B8800F17764 /* Release */,
			);
			defaultConfigurationIsVisible = 0;
			defaultConfigurationName = Release;
		};
		5FC6BFF822A54B8800F17764 /* Build configuration list for PBXNativeTarget "RxMVVMC-iPad" */ = {
			isa = XCConfigurationList;
			buildConfigurations = (
				5FC6BFF922A54B8800F17764 /* Debug */,
				5FC6BFFA22A54B8800F17764 /* Release */,
			);
			defaultConfigurationIsVisible = 0;
			defaultConfigurationName = Release;
		};
		5FC6BFFB22A54B8800F17764 /* Build configuration list for PBXNativeTarget "RxMVVMCTests-iPad" */ = {
			isa = XCConfigurationList;
			buildConfigurations = (
				5FC6BFFC22A54B8800F17764 /* Debug */,
				5FC6BFFD22A54B8800F17764 /* Release */,
			);
			defaultConfigurationIsVisible = 0;
			defaultConfigurationName = Release;
		};
/* End XCConfigurationList section */
	};
	rootObject = 5FC6BFD322A54B8700F17764 /* Project object */;
}
